
Microsoft Visual Studio Solution File, Format Version 12.00
# Visual Studio Version 17
VisualStudioVersion = 17.5.33516.290
MinimumVisualStudioVersion = 10.0.40219.1
Project("{2150E333-8FDC-42A3-9474-1A3956D46DE8}") = "UNIDAD 01 (INTRODUCCION)", "UNIDAD 01 (INTRODUCCION)", "{26885B89-C72A-42D0-B658-41F6B5B6717B}"
EndProject
Project("{9A19103F-16F7-4668-BE54-9A1E7A4F7556}") = "EJERCICIO_01_I01_V1", "EJERCICIO_01_I01_V1\EJERCICIO_01_I01_V1.csproj", "{44ED3787-0540-4AB7-A790-1837044F80E9}"
EndProject
Project("{2150E333-8FDC-42A3-9474-1A3956D46DE8}") = "ENTIDADES - CLASES", "ENTIDADES - CLASES", "{5FFE10A4-3FA5-4CAE-A5E5-F292E13AA98E}"
EndProject
Project("{9A19103F-16F7-4668-BE54-9A1E7A4F7556}") = "EJERCICIO_02_I02", "EJERCICIO_02_I02\EJERCICIO_02_I02.csproj", "{6975792E-3A18-4043-8C7F-877A8AC448A5}"
EndProject
Project("{9A19103F-16F7-4668-BE54-9A1E7A4F7556}") = "EJERCICIO_03_I03", "EJERCICIO_03_I03\EJERCICIO_03_I03.csproj", "{E94E760A-F7EF-4E10-8FFB-80E679430203}"
EndProject
Project("{9A19103F-16F7-4668-BE54-9A1E7A4F7556}") = "EJERCICIO_04_I04", "EJERCICIO_04_I04\EJERCICIO_04_I04.csproj", "{4BEC5D50-CA75-4975-9601-B11D7D636D09}"
EndProject
Project("{2150E333-8FDC-42A3-9474-1A3956D46DE8}") = "UNIDAD 02 (CLASES - METODOS)", "UNIDAD 02 (CLASES - METODOS)", "{CD68A198-9AF2-400C-AD07-9C3FF08104F8}"
EndProject
Project("{9A19103F-16F7-4668-BE54-9A1E7A4F7556}") = "EJERCICIO_I01", "EXPLICACION\EJERCICIO_I01.csproj", "{7BC42248-AC87-4D59-8710-8AAA96284689}"
EndProject
Project("{9A19103F-16F7-4668-BE54-9A1E7A4F7556}") = "UNIDAD 02 ENTIDADES", "UNIDAD 02 ENTIDADES\UNIDAD 02 ENTIDADES.csproj", "{8DA7F3FD-0E31-4DB2-A2A8-8B2ABB1C6A96}"
EndProject
Project("{9A19103F-16F7-4668-BE54-9A1E7A4F7556}") = "EJERCICIO_I02", "EJERCICIO_I02\EJERCICIO_I02.csproj", "{1297B1F4-BB10-444B-B3F6-84AF525FBC91}"
EndProject
Project("{9A19103F-16F7-4668-BE54-9A1E7A4F7556}") = "EJERCICIO_I04", "EJERCICIO_I04\EJERCICIO_I04.csproj", "{7D65A9D4-60CE-4D1E-BEF9-E39C0410AC3E}"
EndProject
Project("{9A19103F-16F7-4668-BE54-9A1E7A4F7556}") = "EJERCICIO_I05", "EJERCICIO_I05\EJERCICIO_I05.csproj", "{F76CA5D5-7EBA-43BC-8A7C-C2762AE08ECE}"
EndProject
Project("{9A19103F-16F7-4668-BE54-9A1E7A4F7556}") = "EJERCICIO_I06", "EJERCICIO_I06\EJERCICIO_I06.csproj", "{F944C70F-7E3E-4DA5-96E5-3BB22C070672}"
EndProject
Project("{9A19103F-16F7-4668-BE54-9A1E7A4F7556}") = "EJERCICIO_I07", "EJERCICIO_07\EJERCICIO_I07.csproj", "{700E7B01-062D-4165-A4A9-8B494E3E345F}"
EndProject
Project("{2150E333-8FDC-42A3-9474-1A3956D46DE8}") = "UNIDAD 03 (POO)", "UNIDAD 03 (POO)", "{0AEE5261-B551-4F34-9281-DF0A21845FFA}"
EndProject
Project("{9A19103F-16F7-4668-BE54-9A1E7A4F7556}") = "EJERCICIO_I01", "EJERCICIO_I01\EJERCICIO_I01.csproj", "{346CBAF1-B58C-482C-B580-FA374738624E}"
EndProject
Project("{9A19103F-16F7-4668-BE54-9A1E7A4F7556}") = "EJERCICIO_I02_V", "EJERCICIO_I02_V\EJERCICIO_I02_V.csproj", "{301C4A5E-270C-4266-959A-4A41C951FA19}"
EndProject
Project("{9A19103F-16F7-4668-BE54-9A1E7A4F7556}") = "EJERCICIO_I03", "EJERCICIO_I03\EJERCICIO_I03.csproj", "{0E60435B-9B19-4BE0-A778-3C355D6487FD}"
EndProject
Project("{9A19103F-16F7-4668-BE54-9A1E7A4F7556}") = "EJERICICIO_I04", "EJERICICIO_I04\EJERICICIO_I04.csproj", "{951CB6BE-9CF5-4262-8053-DB7E3504F5F6}"
EndProject
Project("{9A19103F-16F7-4668-BE54-9A1E7A4F7556}") = "EJERCICIO_I05_UNIT_03", "EJERCICIO_I05_UNIT_03\EJERCICIO_I05_UNIT_03.csproj", "{19F84327-B5AC-4CF6-934C-65DFCD19BCC7}"
EndProject
Project("{9A19103F-16F7-4668-BE54-9A1E7A4F7556}") = "EJERCICIO_AO1", "EJERCICIO_AO1\EJERCICIO_AO1.csproj", "{3BD361FF-61A2-4F25-887F-88DE46AD00F3}"
EndProject
Project("{9A19103F-16F7-4668-BE54-9A1E7A4F7556}") = "EJERCICIO_A02", "EJERCICIO_A02\EJERCICIO_A02.csproj", "{F9AF8B48-5468-4C1F-B4CA-65CE52F2889F}"
EndProject
Project("{9A19103F-16F7-4668-BE54-9A1E7A4F7556}") = "UNIDAD 03 ENTIDADES", "UNIDAD 03 ENTIDADES\UNIDAD 03 ENTIDADES.csproj", "{CC3C5DAC-C550-46D8-B38E-F286F968F06E}"
EndProject
Project("{2150E333-8FDC-42A3-9474-1A3956D46DE8}") = "PARCIALES VIEJOS", "PARCIALES VIEJOS", "{20F65647-BF7B-4854-9815-7B9933815873}"
EndProject
Project("{2150E333-8FDC-42A3-9474-1A3956D46DE8}") = "PRIMER PARCIAL", "PRIMER PARCIAL", "{FC0C1937-A08A-4005-AF11-59B45DB33D9F}"
EndProject
Project("{2150E333-8FDC-42A3-9474-1A3956D46DE8}") = "EL DISPOSITIVO", "EL DISPOSITIVO", "{3B8376C2-E384-4BF2-97E1-18921E6E64FE}"
EndProject
Project("{9A19103F-16F7-4668-BE54-9A1E7A4F7556}") = "BIBLIOTECA DE CLASES PP (EL DISPOSITIVO)", "BIBLIOTECA DE CLASES (EL DISPOSITIVO)\BIBLIOTECA DE CLASES PP (EL DISPOSITIVO).csproj", "{018918D9-D696-4A67-91BA-A7D7DC4010FC}"
EndProject
Project("{9A19103F-16F7-4668-BE54-9A1E7A4F7556}") = "FORMS PP EL DISPOSITIVO", "FORMS PP EL DISPOSITIVO\FORMS PP EL DISPOSITIVO.csproj", "{731289F7-692B-44A9-BB97-B434F3C6426A}"
EndProject
Project("{2150E333-8FDC-42A3-9474-1A3956D46DE8}") = "LA LIBRERIA", "LA LIBRERIA", "{2432EB8D-9AD9-4C30-B9B9-4DCE836DDDBE}"
EndProject
Project("{9A19103F-16F7-4668-BE54-9A1E7A4F7556}") = "BIBLIOTECA DE CLASES PP (LA LIBRERIA", "BIBLIOTECA DE CLASES PP (LA LIBRERIA\BIBLIOTECA DE CLASES PP (LA LIBRERIA.csproj", "{9C7877F8-A18B-4E09-BEA9-589E703686E8}"
EndProject
Project("{9A19103F-16F7-4668-BE54-9A1E7A4F7556}") = "FORMS PP LA LIBRERIA", "FORMS PP LA LIBRERIA\FORMS PP LA LIBRERIA.csproj", "{612B76FD-5C69-409A-90AA-49D4BBC4E423}"
EndProject
Project("{2150E333-8FDC-42A3-9474-1A3956D46DE8}") = "EJERCICIOS ONLINE", "EJERCICIOS ONLINE", "{555F14CF-1BB0-40C6-949E-45AD23C7062E}"
EndProject
Project("{2150E333-8FDC-42A3-9474-1A3956D46DE8}") = "UNIDAD 04 (SOBRECARGA)", "UNIDAD 04 (SOBRECARGA)", "{322151AA-1E5E-40B1-9EB2-1C5E45208C75}"
EndProject
Project("{9A19103F-16F7-4668-BE54-9A1E7A4F7556}") = "UNIDAD 04 ENTIDADES", "UNIDAD 04 (SOBRECARGA)\UNIDAD 04 ENTIDADES.csproj", "{F008831F-32FB-43F3-B899-805865AEE8AE}"
EndProject
Project("{9A19103F-16F7-4668-BE54-9A1E7A4F7556}") = "EJERCICIO I01 UNIDAD 4", "EJERCICIO I01 UNIDAD 4\EJERCICIO I01 UNIDAD 4.csproj", "{DAA70FE7-D537-4D67-8F58-AA4AE684B4CF}"
EndProject
Project("{9A19103F-16F7-4668-BE54-9A1E7A4F7556}") = "EJERCICIO C01 UNIDAD 04", "EJERCICIO C01 UNIDAD 04\EJERCICIO C01 UNIDAD 04.csproj", "{D091FC9B-FD6B-4A09-A85C-CFBE0901D2E7}"
EndProject
Project("{9A19103F-16F7-4668-BE54-9A1E7A4F7556}") = "EJERCICIO C02 UNIDAD 04", "EJERCICIO C02 UNIDAD 04\EJERCICIO C02 UNIDAD 04.csproj", "{1A19FBD9-63E1-46A8-A16A-5525E4E4190E}"
EndProject
Project("{9A19103F-16F7-4668-BE54-9A1E7A4F7556}") = "EJERICICIO I02 UNIDAD 04", "EJERICICIO I02 UNIDAD 04\EJERICICIO I02 UNIDAD 04.csproj", "{DD63C0F9-4967-4974-BA91-7C6B4644928D}"
EndProject
Project("{2150E333-8FDC-42A3-9474-1A3956D46DE8}") = "UNIDAD 05 (WINFORMS)", "UNIDAD 05 (WINFORMS)", "{3CCA052E-2E09-4026-BF71-A727A639A4A1}"
EndProject
Project("{9A19103F-16F7-4668-BE54-9A1E7A4F7556}") = "EJERCICIO I01 UNIDAD 05", "EJERCICIO I01 UNIDAD 05\EJERCICIO I01 UNIDAD 05.csproj", "{8F621D76-BC80-42F2-8D7F-3C88E4EA8CD2}"
EndProject
Project("{9A19103F-16F7-4668-BE54-9A1E7A4F7556}") = "EJERCICIO I02 UNIDAD 05", "EJERCICIO I02 UNIDAD 05\EJERCICIO I02 UNIDAD 05.csproj", "{650ADCF3-728C-4B86-B8FC-3DC77ACA9D31}"
EndProject
Project("{9A19103F-16F7-4668-BE54-9A1E7A4F7556}") = "UNIDAD 05 ENTIDADES", "UNIDAD 05 ENTIDADES\UNIDAD 05 ENTIDADES.csproj", "{42324897-4D48-475E-B5BA-7254A8CB6D5E}"
EndProject
Project("{9A19103F-16F7-4668-BE54-9A1E7A4F7556}") = "EJERCICIO C01 UNIDAD 05", "EJERCICIO C01 UNIDAD 05\EJERCICIO C01 UNIDAD 05.csproj", "{7FBA9433-2E61-43FF-8FF1-1C4AD040188E}"
EndProject
Project("{9A19103F-16F7-4668-BE54-9A1E7A4F7556}") = "EJERCICIO C02 UNIDAD 05", "EJERCICIO C02 UNIDAD 05\EJERCICIO C02 UNIDAD 05.csproj", "{36B8DF55-55E2-4A00-8A17-B08BFC8D65BA}"
EndProject
Project("{9A19103F-16F7-4668-BE54-9A1E7A4F7556}") = "EJERCICIO C03 UNIDAD 05", "EJERCICIO C03 UNIDAD 05\EJERCICIO C03 UNIDAD 05.csproj", "{2C61FF0C-BC05-4397-B12B-C6D6DAD9DDCC}"
EndProject
Project("{2150E333-8FDC-42A3-9474-1A3956D46DE8}") = "UNIDAD 06 (COLECCIONES)", "UNIDAD 06 (COLECCIONES)", "{F09D9347-9464-4AC4-B87B-B4EB74F93728}"
EndProject
Project("{9A19103F-16F7-4668-BE54-9A1E7A4F7556}") = "UNIDAD 06 ENTIDADES", "UNIDAD 06 ENTIDADES\UNIDAD 06 ENTIDADES.csproj", "{0F6E8D39-7D1D-44DC-AEED-1BD71C48A941}"
EndProject
Project("{9A19103F-16F7-4668-BE54-9A1E7A4F7556}") = "EJERCICIO I01 UNIDAD 06", "EJERCICIO I01 UNIDAD 06\EJERCICIO I01 UNIDAD 06.csproj", "{D86F2F97-C7F0-4F49-9723-DA33154B0D4D}"
EndProject
Project("{9A19103F-16F7-4668-BE54-9A1E7A4F7556}") = "EJERCICIO C01 UNIDAD 06", "EJERCICIO C01 UNIDAD 06\EJERCICIO C01 UNIDAD 06.csproj", "{463DD9FC-2923-4346-A954-A90C5E7DCF18}"
EndProject
Project("{9A19103F-16F7-4668-BE54-9A1E7A4F7556}") = "EJERCICIO C02 UNIDAD 06", "EJERCICIO C02 UNIDAD 06\EJERCICIO C02 UNIDAD 06.csproj", "{0309C6BD-576D-49BF-B4E0-A3AA70E39F5A}"
EndProject
Project("{9A19103F-16F7-4668-BE54-9A1E7A4F7556}") = "EJERCICIO C03 UNIDAD 06", "EJERCICIO C03 UNIDAD 06\EJERCICIO C03 UNIDAD 06.csproj", "{CE376103-447D-4B7C-8D23-E332156A9A82}"
EndProject
Project("{9A19103F-16F7-4668-BE54-9A1E7A4F7556}") = "EJERCICIO C03 UNIDAD 06 GUI", "EJERCICIO C03 UNIDAD 06 GUI\EJERCICIO C03 UNIDAD 06 GUI.csproj", "{8835AED6-5F4C-4808-810E-332B63D498E0}"
EndProject
Project("{2150E333-8FDC-42A3-9474-1A3956D46DE8}") = "UNIDAD 07 (ENCAPSULAMIENTO)", "UNIDAD 07 (ENCAPSULAMIENTO)", "{BF0BE61B-87D4-45DC-BB04-4D72BE4A05B5}"
EndProject
Project("{9A19103F-16F7-4668-BE54-9A1E7A4F7556}") = "UNIDAD 07 ENTIDADES", "UNIDAD 07 ENTIDADES\UNIDAD 07 ENTIDADES.csproj", "{D68FFA5A-A600-40CC-BA7B-EB2F93914408}"
EndProject
Project("{2150E333-8FDC-42A3-9474-1A3956D46DE8}") = "CLASES SABADO APOYO", "CLASES SABADO APOYO", "{3B0F3A3C-296B-4CAC-B2DD-D2C008D073D3}"
EndProject
Project("{9A19103F-16F7-4668-BE54-9A1E7A4F7556}") = "EJERCICIO I02 UNIDAD 07", "EJERCICIO I02 UNIDAD 07\EJERCICIO I02 UNIDAD 07.csproj", "{F291FBB7-5AB7-45B3-BC87-6A9114FBDB4F}"
EndProject
Project("{9A19103F-16F7-4668-BE54-9A1E7A4F7556}") = "UNIDAD 08 ENTIDADES", "UNIDAD 08 ENTIDADES\UNIDAD 08 ENTIDADES.csproj", "{3BB30E0A-0321-45CA-B2C3-049D52E63B4E}"
EndProject
Project("{2150E333-8FDC-42A3-9474-1A3956D46DE8}") = "UNIDAD 08 (HERENCIA)", "UNIDAD 08 (HERENCIA)", "{179192A3-156F-4DFC-83C7-BD6ABFAE9F72}"
EndProject
Project("{9A19103F-16F7-4668-BE54-9A1E7A4F7556}") = "EJERCICIO I01 UNIDAD 08", "EJERCICIO I01 UNIDAD 08\EJERCICIO I01 UNIDAD 08.csproj", "{8F20DBCD-D8C9-4531-A73E-3C6E4F3E83CB}"
EndProject
Project("{9A19103F-16F7-4668-BE54-9A1E7A4F7556}") = "EJERCICIO C01 UNIDAD 08", "EJERCICIO C01 UNIDAD 08\EJERCICIO C01 UNIDAD 08.csproj", "{1D28B942-0A6D-4CC9-8D6F-0D8F5A16CC53}"
EndProject
Project("{9A19103F-16F7-4668-BE54-9A1E7A4F7556}") = "EJERCICIO C02 UNIDAD 08", "EJERCICIO C02 UNIDAD 08\EJERCICIO C02 UNIDAD 08.csproj", "{F8D9126C-E625-4CF8-B384-26C1139D8BF1}"
EndProject
Project("{9A19103F-16F7-4668-BE54-9A1E7A4F7556}") = "ENTIDADES LA CENTRALITA", "ENTIDADES LA CENTRALITA\ENTIDADES LA CENTRALITA.csproj", "{E9E6B97B-C70F-4A97-AC03-7DC4832E388C}"
EndProject
Project("{9A19103F-16F7-4668-BE54-9A1E7A4F7556}") = "EJERCICIO C03 UNIDAD 08", "EJERCICIO C03 UNIDAD 08\EJERCICIO C03 UNIDAD 08.csproj", "{A27D0549-34A1-48A6-B343-9E6629B0DDB3}"
EndProject
Project("{2150E333-8FDC-42A3-9474-1A3956D46DE8}") = "SISTEMA SOLAR", "SISTEMA SOLAR", "{F0ABF4BA-59B4-4733-8FA6-F6DD40AD84E5}"
EndProject
Project("{9A19103F-16F7-4668-BE54-9A1E7A4F7556}") = "BIBLIOTECA DE CLASES PP (SISTEMA SOLAR)", "BIBLIOTECA DE CLASES PP (SISTEMA SOLAR)\BIBLIOTECA DE CLASES PP (SISTEMA SOLAR).csproj", "{F012E11A-9EB8-4F0A-817D-D2CD28900897}"
EndProject
Project("{9A19103F-16F7-4668-BE54-9A1E7A4F7556}") = "FORMS PP SISTEMA SOLAR", "FORMS PP SISTEMA SOLAR\FORMS PP SISTEMA SOLAR.csproj", "{A27BFBC5-4A2F-4D52-BCBE-0541D90CDB85}"
EndProject
Project("{2150E333-8FDC-42A3-9474-1A3956D46DE8}") = "LA COMIQUERIA", "LA COMIQUERIA", "{3AA50841-B813-4357-B45D-2FEF77614211}"
EndProject
Project("{9A19103F-16F7-4668-BE54-9A1E7A4F7556}") = "BIBLIOTECA ENTIDADES PP COMIQUERIA", "BIBLIOTECA ENTIDADES PP COMIQUERIA\BIBLIOTECA ENTIDADES PP COMIQUERIA.csproj", "{6CD84DF4-E35F-4047-9646-834CDD1CD761}"
EndProject
Project("{9A19103F-16F7-4668-BE54-9A1E7A4F7556}") = "FORMS PP COMIQUERIA", "FORMS PP COMIQUERIA\FORMS PP COMIQUERIA.csproj", "{77EEBA09-3D6E-4B34-A503-44B85A8ECDC3}"
EndProject
Project("{2150E333-8FDC-42A3-9474-1A3956D46DE8}") = "UNIDAD 09 (POLIMORFISMO)", "UNIDAD 09 (POLIMORFISMO)", "{1F81AD81-26FE-49F8-A835-BB4FFB03B8CB}"
EndProject
Project("{9A19103F-16F7-4668-BE54-9A1E7A4F7556}") = "EJERCICIO C01 UNIDAD 09", "EJERCICIO C01 UNIDAD 09\EJERCICIO C01 UNIDAD 09.csproj", "{04566CC8-6E02-4DAA-A578-2234F6B2641D}"
EndProject
Project("{2150E333-8FDC-42A3-9474-1A3956D46DE8}") = "UNIDAD 10 (EXCEPCIONES)", "UNIDAD 10 (EXCEPCIONES)", "{E0AF09EC-92DB-45E8-8549-B19693701733}"
EndProject
Project("{9A19103F-16F7-4668-BE54-9A1E7A4F7556}") = "EJERCICIO I02 UNIDAD 10", "EJERCICIO I02 UNIDAD 10\EJERCICIO I02 UNIDAD 10.csproj", "{D99A7B76-851E-485C-A773-8D5DE5E57467}"
EndProject
Project("{9A19103F-16F7-4668-BE54-9A1E7A4F7556}") = "UNIDAD 10 ENTIDADES - EXCEPCIONES", "UNIDAD 10 ENTIDADES - EXCEPCIONES\UNIDAD 10 ENTIDADES - EXCEPCIONES.csproj", "{DE448560-5EC8-4BB5-87E0-9EF7BE2A8158}"
EndProject
Project("{9A19103F-16F7-4668-BE54-9A1E7A4F7556}") = "UNIDAD 11 ENTIDADES UNIT TEST", "UNIDAD 11 ENTIDADES UNIT TEST\UNIDAD 11 ENTIDADES UNIT TEST.csproj", "{A0EDE6C1-4127-4BA9-BB9D-2616BACC6B80}"
EndProject
Project("{2150E333-8FDC-42A3-9474-1A3956D46DE8}") = "UNIDAD 11 UNIT TESTING", "UNIDAD 11 UNIT TESTING", "{83EB55AA-7F16-41CF-B3E4-B12003F518E2}"
EndProject
Project("{9A19103F-16F7-4668-BE54-9A1E7A4F7556}") = "Test Explicacion", "Test Explicacion\Test Explicacion.csproj", "{8362B5DB-B7D7-40E8-A28B-C99F6923EAA1}"
EndProject
Project("{2150E333-8FDC-42A3-9474-1A3956D46DE8}") = "UNIDAD 12 (GENERICS)", "UNIDAD 12 (GENERICS)", "{7DD253F5-B718-4546-A8B8-63C09210E4ED}"
EndProject
Project("{9A19103F-16F7-4668-BE54-9A1E7A4F7556}") = "UNIDAD 12 ENTIDADES - GENERICS", "UNIDAD 12 ENTIDADES - GENERICS\UNIDAD 12 ENTIDADES - GENERICS.csproj", "{F3E214BC-2D8A-4481-AAC6-43F088B036DF}"
EndProject
Project("{9A19103F-16F7-4668-BE54-9A1E7A4F7556}") = "EJERCICIO I01 UNIDAD 12", "EJERCICIO I01 UNIDAD 12\EJERCICIO I01 UNIDAD 12.csproj", "{DF2606DB-8AB6-46A4-902D-D04B00D5AE4C}"
EndProject
Project("{9A19103F-16F7-4668-BE54-9A1E7A4F7556}") = "EJERCICIO I02 UNIDAD 12", "EJERCICIO I02 UNIDAD 12\EJERCICIO I02 UNIDAD 12.csproj", "{E041CB82-C6CF-4367-95A4-6A669DEFA72D}"
EndProject
Project("{2150E333-8FDC-42A3-9474-1A3956D46DE8}") = "UNIDAD ARCHIVOS - SERIALIZACION", "UNIDAD ARCHIVOS - SERIALIZACION", "{108C4A30-7106-48C6-83F3-25AF27EE153D}"
EndProject
Project("{9A19103F-16F7-4668-BE54-9A1E7A4F7556}") = "ENTIDADES ARCHIVOS", "ENTIDADES ARCHIVOS\ENTIDADES ARCHIVOS.csproj", "{EC527CE4-B155-4A8D-B6D2-8FD25507C32D}"
EndProject
Project("{9A19103F-16F7-4668-BE54-9A1E7A4F7556}") = "Archivos_Explicacion", "Archivos_Explicacion\Archivos_Explicacion.csproj", "{02837908-CAC7-4011-B6DF-06392EA48C43}"
EndProject
Project("{2150E333-8FDC-42A3-9474-1A3956D46DE8}") = "UNIDAD DELEGADOS", "UNIDAD DELEGADOS", "{E2CFE82B-8AB5-4295-BAAD-9BD9899E4BF5}"
EndProject
Project("{9A19103F-16F7-4668-BE54-9A1E7A4F7556}") = "ENTIDADES DELEGADOS", "ENTIDADES DELEGADOS\ENTIDADES DELEGADOS.csproj", "{0D818C61-ACC8-4869-A2C9-DAC7ED526394}"
EndProject
Project("{9A19103F-16F7-4668-BE54-9A1E7A4F7556}") = "EJERCICIO DELEGADOS I01", "EJERCICIO DELEGADOS I01\EJERCICIO DELEGADOS I01.csproj", "{E3D5F670-533D-4649-858E-A0AE2B66AD77}"
EndProject
Project("{9A19103F-16F7-4668-BE54-9A1E7A4F7556}") = "Consola", "I02_El_comparador\Consola\Consola.csproj", "{21176B62-D2AA-4060-81FC-2495EF761251}"
EndProject
Project("{2150E333-8FDC-42A3-9474-1A3956D46DE8}") = "UNIDAD METODOS DE EXTENSION", "UNIDAD METODOS DE EXTENSION", "{A0277464-FE8F-4B99-8CA4-CBF985407140}"
EndProject
Project("{FAE04EC0-301F-11D3-BF4B-00C04F79EFBC}") = "EJERCICIO I03", "EJERCICIO I03\EJERCICIO I03.csproj", "{84B6688D-25C5-4480-9DA8-069A673B6073}"
EndProject
Project("{FAE04EC0-301F-11D3-BF4B-00C04F79EFBC}") = "MisExtensiones", "MisExtensiones\MisExtensiones.csproj", "{4CE79B1B-A294-4BB0-9BC1-F7424AD39111}"
EndProject
Project("{FAE04EC0-301F-11D3-BF4B-00C04F79EFBC}") = "EJERCICIO I02", "EJERCICIO I02\EJERCICIO I02.csproj", "{585C0DEB-FD9B-4C28-88CF-AFE011A28569}"
EndProject
Project("{FAE04EC0-301F-11D3-BF4B-00C04F79EFBC}") = "EJERCICIO C01", "EJERCICIO C01\EJERCICIO C01.csproj", "{BE9038DC-B828-4255-9265-B9AC6326407D}"
EndProject
Global
	GlobalSection(SolutionConfigurationPlatforms) = preSolution
		Debug|Any CPU = Debug|Any CPU
		Release|Any CPU = Release|Any CPU
	EndGlobalSection
	GlobalSection(ProjectConfigurationPlatforms) = postSolution
		{44ED3787-0540-4AB7-A790-1837044F80E9}.Debug|Any CPU.ActiveCfg = Debug|Any CPU
		{44ED3787-0540-4AB7-A790-1837044F80E9}.Debug|Any CPU.Build.0 = Debug|Any CPU
		{44ED3787-0540-4AB7-A790-1837044F80E9}.Release|Any CPU.ActiveCfg = Release|Any CPU
		{44ED3787-0540-4AB7-A790-1837044F80E9}.Release|Any CPU.Build.0 = Release|Any CPU
		{6975792E-3A18-4043-8C7F-877A8AC448A5}.Debug|Any CPU.ActiveCfg = Debug|Any CPU
		{6975792E-3A18-4043-8C7F-877A8AC448A5}.Debug|Any CPU.Build.0 = Debug|Any CPU
		{6975792E-3A18-4043-8C7F-877A8AC448A5}.Release|Any CPU.ActiveCfg = Release|Any CPU
		{6975792E-3A18-4043-8C7F-877A8AC448A5}.Release|Any CPU.Build.0 = Release|Any CPU
		{E94E760A-F7EF-4E10-8FFB-80E679430203}.Debug|Any CPU.ActiveCfg = Debug|Any CPU
		{E94E760A-F7EF-4E10-8FFB-80E679430203}.Debug|Any CPU.Build.0 = Debug|Any CPU
		{E94E760A-F7EF-4E10-8FFB-80E679430203}.Release|Any CPU.ActiveCfg = Release|Any CPU
		{E94E760A-F7EF-4E10-8FFB-80E679430203}.Release|Any CPU.Build.0 = Release|Any CPU
		{4BEC5D50-CA75-4975-9601-B11D7D636D09}.Debug|Any CPU.ActiveCfg = Debug|Any CPU
		{4BEC5D50-CA75-4975-9601-B11D7D636D09}.Debug|Any CPU.Build.0 = Debug|Any CPU
		{4BEC5D50-CA75-4975-9601-B11D7D636D09}.Release|Any CPU.ActiveCfg = Release|Any CPU
		{4BEC5D50-CA75-4975-9601-B11D7D636D09}.Release|Any CPU.Build.0 = Release|Any CPU
		{7BC42248-AC87-4D59-8710-8AAA96284689}.Debug|Any CPU.ActiveCfg = Debug|Any CPU
		{7BC42248-AC87-4D59-8710-8AAA96284689}.Debug|Any CPU.Build.0 = Debug|Any CPU
		{7BC42248-AC87-4D59-8710-8AAA96284689}.Release|Any CPU.ActiveCfg = Release|Any CPU
		{7BC42248-AC87-4D59-8710-8AAA96284689}.Release|Any CPU.Build.0 = Release|Any CPU
		{8DA7F3FD-0E31-4DB2-A2A8-8B2ABB1C6A96}.Debug|Any CPU.ActiveCfg = Debug|Any CPU
		{8DA7F3FD-0E31-4DB2-A2A8-8B2ABB1C6A96}.Debug|Any CPU.Build.0 = Debug|Any CPU
		{8DA7F3FD-0E31-4DB2-A2A8-8B2ABB1C6A96}.Release|Any CPU.ActiveCfg = Release|Any CPU
		{8DA7F3FD-0E31-4DB2-A2A8-8B2ABB1C6A96}.Release|Any CPU.Build.0 = Release|Any CPU
		{1297B1F4-BB10-444B-B3F6-84AF525FBC91}.Debug|Any CPU.ActiveCfg = Debug|Any CPU
		{1297B1F4-BB10-444B-B3F6-84AF525FBC91}.Debug|Any CPU.Build.0 = Debug|Any CPU
		{1297B1F4-BB10-444B-B3F6-84AF525FBC91}.Release|Any CPU.ActiveCfg = Release|Any CPU
		{1297B1F4-BB10-444B-B3F6-84AF525FBC91}.Release|Any CPU.Build.0 = Release|Any CPU
		{7D65A9D4-60CE-4D1E-BEF9-E39C0410AC3E}.Debug|Any CPU.ActiveCfg = Debug|Any CPU
		{7D65A9D4-60CE-4D1E-BEF9-E39C0410AC3E}.Debug|Any CPU.Build.0 = Debug|Any CPU
		{7D65A9D4-60CE-4D1E-BEF9-E39C0410AC3E}.Release|Any CPU.ActiveCfg = Release|Any CPU
		{7D65A9D4-60CE-4D1E-BEF9-E39C0410AC3E}.Release|Any CPU.Build.0 = Release|Any CPU
		{F76CA5D5-7EBA-43BC-8A7C-C2762AE08ECE}.Debug|Any CPU.ActiveCfg = Debug|Any CPU
		{F76CA5D5-7EBA-43BC-8A7C-C2762AE08ECE}.Debug|Any CPU.Build.0 = Debug|Any CPU
		{F76CA5D5-7EBA-43BC-8A7C-C2762AE08ECE}.Release|Any CPU.ActiveCfg = Release|Any CPU
		{F76CA5D5-7EBA-43BC-8A7C-C2762AE08ECE}.Release|Any CPU.Build.0 = Release|Any CPU
		{F944C70F-7E3E-4DA5-96E5-3BB22C070672}.Debug|Any CPU.ActiveCfg = Debug|Any CPU
		{F944C70F-7E3E-4DA5-96E5-3BB22C070672}.Debug|Any CPU.Build.0 = Debug|Any CPU
		{F944C70F-7E3E-4DA5-96E5-3BB22C070672}.Release|Any CPU.ActiveCfg = Release|Any CPU
		{F944C70F-7E3E-4DA5-96E5-3BB22C070672}.Release|Any CPU.Build.0 = Release|Any CPU
		{700E7B01-062D-4165-A4A9-8B494E3E345F}.Debug|Any CPU.ActiveCfg = Debug|Any CPU
		{700E7B01-062D-4165-A4A9-8B494E3E345F}.Debug|Any CPU.Build.0 = Debug|Any CPU
		{700E7B01-062D-4165-A4A9-8B494E3E345F}.Release|Any CPU.ActiveCfg = Release|Any CPU
		{700E7B01-062D-4165-A4A9-8B494E3E345F}.Release|Any CPU.Build.0 = Release|Any CPU
		{346CBAF1-B58C-482C-B580-FA374738624E}.Debug|Any CPU.ActiveCfg = Debug|Any CPU
		{346CBAF1-B58C-482C-B580-FA374738624E}.Debug|Any CPU.Build.0 = Debug|Any CPU
		{346CBAF1-B58C-482C-B580-FA374738624E}.Release|Any CPU.ActiveCfg = Release|Any CPU
		{346CBAF1-B58C-482C-B580-FA374738624E}.Release|Any CPU.Build.0 = Release|Any CPU
		{301C4A5E-270C-4266-959A-4A41C951FA19}.Debug|Any CPU.ActiveCfg = Debug|Any CPU
		{301C4A5E-270C-4266-959A-4A41C951FA19}.Debug|Any CPU.Build.0 = Debug|Any CPU
		{301C4A5E-270C-4266-959A-4A41C951FA19}.Release|Any CPU.ActiveCfg = Release|Any CPU
		{301C4A5E-270C-4266-959A-4A41C951FA19}.Release|Any CPU.Build.0 = Release|Any CPU
		{0E60435B-9B19-4BE0-A778-3C355D6487FD}.Debug|Any CPU.ActiveCfg = Debug|Any CPU
		{0E60435B-9B19-4BE0-A778-3C355D6487FD}.Debug|Any CPU.Build.0 = Debug|Any CPU
		{0E60435B-9B19-4BE0-A778-3C355D6487FD}.Release|Any CPU.ActiveCfg = Release|Any CPU
		{0E60435B-9B19-4BE0-A778-3C355D6487FD}.Release|Any CPU.Build.0 = Release|Any CPU
		{951CB6BE-9CF5-4262-8053-DB7E3504F5F6}.Debug|Any CPU.ActiveCfg = Debug|Any CPU
		{951CB6BE-9CF5-4262-8053-DB7E3504F5F6}.Debug|Any CPU.Build.0 = Debug|Any CPU
		{951CB6BE-9CF5-4262-8053-DB7E3504F5F6}.Release|Any CPU.ActiveCfg = Release|Any CPU
		{951CB6BE-9CF5-4262-8053-DB7E3504F5F6}.Release|Any CPU.Build.0 = Release|Any CPU
		{19F84327-B5AC-4CF6-934C-65DFCD19BCC7}.Debug|Any CPU.ActiveCfg = Debug|Any CPU
		{19F84327-B5AC-4CF6-934C-65DFCD19BCC7}.Debug|Any CPU.Build.0 = Debug|Any CPU
		{19F84327-B5AC-4CF6-934C-65DFCD19BCC7}.Release|Any CPU.ActiveCfg = Release|Any CPU
		{19F84327-B5AC-4CF6-934C-65DFCD19BCC7}.Release|Any CPU.Build.0 = Release|Any CPU
		{3BD361FF-61A2-4F25-887F-88DE46AD00F3}.Debug|Any CPU.ActiveCfg = Debug|Any CPU
		{3BD361FF-61A2-4F25-887F-88DE46AD00F3}.Debug|Any CPU.Build.0 = Debug|Any CPU
		{3BD361FF-61A2-4F25-887F-88DE46AD00F3}.Release|Any CPU.ActiveCfg = Release|Any CPU
		{3BD361FF-61A2-4F25-887F-88DE46AD00F3}.Release|Any CPU.Build.0 = Release|Any CPU
		{F9AF8B48-5468-4C1F-B4CA-65CE52F2889F}.Debug|Any CPU.ActiveCfg = Debug|Any CPU
		{F9AF8B48-5468-4C1F-B4CA-65CE52F2889F}.Debug|Any CPU.Build.0 = Debug|Any CPU
		{F9AF8B48-5468-4C1F-B4CA-65CE52F2889F}.Release|Any CPU.ActiveCfg = Release|Any CPU
		{F9AF8B48-5468-4C1F-B4CA-65CE52F2889F}.Release|Any CPU.Build.0 = Release|Any CPU
		{CC3C5DAC-C550-46D8-B38E-F286F968F06E}.Debug|Any CPU.ActiveCfg = Debug|Any CPU
		{CC3C5DAC-C550-46D8-B38E-F286F968F06E}.Debug|Any CPU.Build.0 = Debug|Any CPU
		{CC3C5DAC-C550-46D8-B38E-F286F968F06E}.Release|Any CPU.ActiveCfg = Release|Any CPU
		{CC3C5DAC-C550-46D8-B38E-F286F968F06E}.Release|Any CPU.Build.0 = Release|Any CPU
		{018918D9-D696-4A67-91BA-A7D7DC4010FC}.Debug|Any CPU.ActiveCfg = Debug|Any CPU
		{018918D9-D696-4A67-91BA-A7D7DC4010FC}.Debug|Any CPU.Build.0 = Debug|Any CPU
		{018918D9-D696-4A67-91BA-A7D7DC4010FC}.Release|Any CPU.ActiveCfg = Release|Any CPU
		{018918D9-D696-4A67-91BA-A7D7DC4010FC}.Release|Any CPU.Build.0 = Release|Any CPU
		{731289F7-692B-44A9-BB97-B434F3C6426A}.Debug|Any CPU.ActiveCfg = Debug|Any CPU
		{731289F7-692B-44A9-BB97-B434F3C6426A}.Debug|Any CPU.Build.0 = Debug|Any CPU
		{731289F7-692B-44A9-BB97-B434F3C6426A}.Release|Any CPU.ActiveCfg = Release|Any CPU
		{731289F7-692B-44A9-BB97-B434F3C6426A}.Release|Any CPU.Build.0 = Release|Any CPU
		{9C7877F8-A18B-4E09-BEA9-589E703686E8}.Debug|Any CPU.ActiveCfg = Debug|Any CPU
		{9C7877F8-A18B-4E09-BEA9-589E703686E8}.Debug|Any CPU.Build.0 = Debug|Any CPU
		{9C7877F8-A18B-4E09-BEA9-589E703686E8}.Release|Any CPU.ActiveCfg = Release|Any CPU
		{9C7877F8-A18B-4E09-BEA9-589E703686E8}.Release|Any CPU.Build.0 = Release|Any CPU
		{612B76FD-5C69-409A-90AA-49D4BBC4E423}.Debug|Any CPU.ActiveCfg = Debug|Any CPU
		{612B76FD-5C69-409A-90AA-49D4BBC4E423}.Debug|Any CPU.Build.0 = Debug|Any CPU
		{612B76FD-5C69-409A-90AA-49D4BBC4E423}.Release|Any CPU.ActiveCfg = Release|Any CPU
		{612B76FD-5C69-409A-90AA-49D4BBC4E423}.Release|Any CPU.Build.0 = Release|Any CPU
		{F008831F-32FB-43F3-B899-805865AEE8AE}.Debug|Any CPU.ActiveCfg = Debug|Any CPU
		{F008831F-32FB-43F3-B899-805865AEE8AE}.Debug|Any CPU.Build.0 = Debug|Any CPU
		{F008831F-32FB-43F3-B899-805865AEE8AE}.Release|Any CPU.ActiveCfg = Release|Any CPU
		{F008831F-32FB-43F3-B899-805865AEE8AE}.Release|Any CPU.Build.0 = Release|Any CPU
		{DAA70FE7-D537-4D67-8F58-AA4AE684B4CF}.Debug|Any CPU.ActiveCfg = Debug|Any CPU
		{DAA70FE7-D537-4D67-8F58-AA4AE684B4CF}.Debug|Any CPU.Build.0 = Debug|Any CPU
		{DAA70FE7-D537-4D67-8F58-AA4AE684B4CF}.Release|Any CPU.ActiveCfg = Release|Any CPU
		{DAA70FE7-D537-4D67-8F58-AA4AE684B4CF}.Release|Any CPU.Build.0 = Release|Any CPU
		{D091FC9B-FD6B-4A09-A85C-CFBE0901D2E7}.Debug|Any CPU.ActiveCfg = Debug|Any CPU
		{D091FC9B-FD6B-4A09-A85C-CFBE0901D2E7}.Debug|Any CPU.Build.0 = Debug|Any CPU
		{D091FC9B-FD6B-4A09-A85C-CFBE0901D2E7}.Release|Any CPU.ActiveCfg = Release|Any CPU
		{D091FC9B-FD6B-4A09-A85C-CFBE0901D2E7}.Release|Any CPU.Build.0 = Release|Any CPU
		{1A19FBD9-63E1-46A8-A16A-5525E4E4190E}.Debug|Any CPU.ActiveCfg = Debug|Any CPU
		{1A19FBD9-63E1-46A8-A16A-5525E4E4190E}.Debug|Any CPU.Build.0 = Debug|Any CPU
		{1A19FBD9-63E1-46A8-A16A-5525E4E4190E}.Release|Any CPU.ActiveCfg = Release|Any CPU
		{1A19FBD9-63E1-46A8-A16A-5525E4E4190E}.Release|Any CPU.Build.0 = Release|Any CPU
		{DD63C0F9-4967-4974-BA91-7C6B4644928D}.Debug|Any CPU.ActiveCfg = Debug|Any CPU
		{DD63C0F9-4967-4974-BA91-7C6B4644928D}.Debug|Any CPU.Build.0 = Debug|Any CPU
		{DD63C0F9-4967-4974-BA91-7C6B4644928D}.Release|Any CPU.ActiveCfg = Release|Any CPU
		{DD63C0F9-4967-4974-BA91-7C6B4644928D}.Release|Any CPU.Build.0 = Release|Any CPU
		{8F621D76-BC80-42F2-8D7F-3C88E4EA8CD2}.Debug|Any CPU.ActiveCfg = Debug|Any CPU
		{8F621D76-BC80-42F2-8D7F-3C88E4EA8CD2}.Debug|Any CPU.Build.0 = Debug|Any CPU
		{8F621D76-BC80-42F2-8D7F-3C88E4EA8CD2}.Release|Any CPU.ActiveCfg = Release|Any CPU
		{8F621D76-BC80-42F2-8D7F-3C88E4EA8CD2}.Release|Any CPU.Build.0 = Release|Any CPU
		{650ADCF3-728C-4B86-B8FC-3DC77ACA9D31}.Debug|Any CPU.ActiveCfg = Debug|Any CPU
		{650ADCF3-728C-4B86-B8FC-3DC77ACA9D31}.Debug|Any CPU.Build.0 = Debug|Any CPU
		{650ADCF3-728C-4B86-B8FC-3DC77ACA9D31}.Release|Any CPU.ActiveCfg = Release|Any CPU
		{650ADCF3-728C-4B86-B8FC-3DC77ACA9D31}.Release|Any CPU.Build.0 = Release|Any CPU
		{42324897-4D48-475E-B5BA-7254A8CB6D5E}.Debug|Any CPU.ActiveCfg = Debug|Any CPU
		{42324897-4D48-475E-B5BA-7254A8CB6D5E}.Debug|Any CPU.Build.0 = Debug|Any CPU
		{42324897-4D48-475E-B5BA-7254A8CB6D5E}.Release|Any CPU.ActiveCfg = Release|Any CPU
		{42324897-4D48-475E-B5BA-7254A8CB6D5E}.Release|Any CPU.Build.0 = Release|Any CPU
		{7FBA9433-2E61-43FF-8FF1-1C4AD040188E}.Debug|Any CPU.ActiveCfg = Debug|Any CPU
		{7FBA9433-2E61-43FF-8FF1-1C4AD040188E}.Debug|Any CPU.Build.0 = Debug|Any CPU
		{7FBA9433-2E61-43FF-8FF1-1C4AD040188E}.Release|Any CPU.ActiveCfg = Release|Any CPU
		{7FBA9433-2E61-43FF-8FF1-1C4AD040188E}.Release|Any CPU.Build.0 = Release|Any CPU
		{36B8DF55-55E2-4A00-8A17-B08BFC8D65BA}.Debug|Any CPU.ActiveCfg = Debug|Any CPU
		{36B8DF55-55E2-4A00-8A17-B08BFC8D65BA}.Debug|Any CPU.Build.0 = Debug|Any CPU
		{36B8DF55-55E2-4A00-8A17-B08BFC8D65BA}.Release|Any CPU.ActiveCfg = Release|Any CPU
		{36B8DF55-55E2-4A00-8A17-B08BFC8D65BA}.Release|Any CPU.Build.0 = Release|Any CPU
		{2C61FF0C-BC05-4397-B12B-C6D6DAD9DDCC}.Debug|Any CPU.ActiveCfg = Debug|Any CPU
		{2C61FF0C-BC05-4397-B12B-C6D6DAD9DDCC}.Debug|Any CPU.Build.0 = Debug|Any CPU
		{2C61FF0C-BC05-4397-B12B-C6D6DAD9DDCC}.Release|Any CPU.ActiveCfg = Release|Any CPU
		{2C61FF0C-BC05-4397-B12B-C6D6DAD9DDCC}.Release|Any CPU.Build.0 = Release|Any CPU
		{0F6E8D39-7D1D-44DC-AEED-1BD71C48A941}.Debug|Any CPU.ActiveCfg = Debug|Any CPU
		{0F6E8D39-7D1D-44DC-AEED-1BD71C48A941}.Debug|Any CPU.Build.0 = Debug|Any CPU
		{0F6E8D39-7D1D-44DC-AEED-1BD71C48A941}.Release|Any CPU.ActiveCfg = Release|Any CPU
		{0F6E8D39-7D1D-44DC-AEED-1BD71C48A941}.Release|Any CPU.Build.0 = Release|Any CPU
		{D86F2F97-C7F0-4F49-9723-DA33154B0D4D}.Debug|Any CPU.ActiveCfg = Debug|Any CPU
		{D86F2F97-C7F0-4F49-9723-DA33154B0D4D}.Debug|Any CPU.Build.0 = Debug|Any CPU
		{D86F2F97-C7F0-4F49-9723-DA33154B0D4D}.Release|Any CPU.ActiveCfg = Release|Any CPU
		{D86F2F97-C7F0-4F49-9723-DA33154B0D4D}.Release|Any CPU.Build.0 = Release|Any CPU
		{463DD9FC-2923-4346-A954-A90C5E7DCF18}.Debug|Any CPU.ActiveCfg = Debug|Any CPU
		{463DD9FC-2923-4346-A954-A90C5E7DCF18}.Debug|Any CPU.Build.0 = Debug|Any CPU
		{463DD9FC-2923-4346-A954-A90C5E7DCF18}.Release|Any CPU.ActiveCfg = Release|Any CPU
		{463DD9FC-2923-4346-A954-A90C5E7DCF18}.Release|Any CPU.Build.0 = Release|Any CPU
		{0309C6BD-576D-49BF-B4E0-A3AA70E39F5A}.Debug|Any CPU.ActiveCfg = Debug|Any CPU
		{0309C6BD-576D-49BF-B4E0-A3AA70E39F5A}.Debug|Any CPU.Build.0 = Debug|Any CPU
		{0309C6BD-576D-49BF-B4E0-A3AA70E39F5A}.Release|Any CPU.ActiveCfg = Release|Any CPU
		{0309C6BD-576D-49BF-B4E0-A3AA70E39F5A}.Release|Any CPU.Build.0 = Release|Any CPU
		{CE376103-447D-4B7C-8D23-E332156A9A82}.Debug|Any CPU.ActiveCfg = Debug|Any CPU
		{CE376103-447D-4B7C-8D23-E332156A9A82}.Debug|Any CPU.Build.0 = Debug|Any CPU
		{CE376103-447D-4B7C-8D23-E332156A9A82}.Release|Any CPU.ActiveCfg = Release|Any CPU
		{CE376103-447D-4B7C-8D23-E332156A9A82}.Release|Any CPU.Build.0 = Release|Any CPU
		{8835AED6-5F4C-4808-810E-332B63D498E0}.Debug|Any CPU.ActiveCfg = Debug|Any CPU
		{8835AED6-5F4C-4808-810E-332B63D498E0}.Debug|Any CPU.Build.0 = Debug|Any CPU
		{8835AED6-5F4C-4808-810E-332B63D498E0}.Release|Any CPU.ActiveCfg = Release|Any CPU
		{8835AED6-5F4C-4808-810E-332B63D498E0}.Release|Any CPU.Build.0 = Release|Any CPU
		{D68FFA5A-A600-40CC-BA7B-EB2F93914408}.Debug|Any CPU.ActiveCfg = Debug|Any CPU
		{D68FFA5A-A600-40CC-BA7B-EB2F93914408}.Debug|Any CPU.Build.0 = Debug|Any CPU
		{D68FFA5A-A600-40CC-BA7B-EB2F93914408}.Release|Any CPU.ActiveCfg = Release|Any CPU
		{D68FFA5A-A600-40CC-BA7B-EB2F93914408}.Release|Any CPU.Build.0 = Release|Any CPU
		{F291FBB7-5AB7-45B3-BC87-6A9114FBDB4F}.Debug|Any CPU.ActiveCfg = Debug|Any CPU
		{F291FBB7-5AB7-45B3-BC87-6A9114FBDB4F}.Debug|Any CPU.Build.0 = Debug|Any CPU
		{F291FBB7-5AB7-45B3-BC87-6A9114FBDB4F}.Release|Any CPU.ActiveCfg = Release|Any CPU
		{F291FBB7-5AB7-45B3-BC87-6A9114FBDB4F}.Release|Any CPU.Build.0 = Release|Any CPU
		{3BB30E0A-0321-45CA-B2C3-049D52E63B4E}.Debug|Any CPU.ActiveCfg = Debug|Any CPU
		{3BB30E0A-0321-45CA-B2C3-049D52E63B4E}.Debug|Any CPU.Build.0 = Debug|Any CPU
		{3BB30E0A-0321-45CA-B2C3-049D52E63B4E}.Release|Any CPU.ActiveCfg = Release|Any CPU
		{3BB30E0A-0321-45CA-B2C3-049D52E63B4E}.Release|Any CPU.Build.0 = Release|Any CPU
		{8F20DBCD-D8C9-4531-A73E-3C6E4F3E83CB}.Debug|Any CPU.ActiveCfg = Debug|Any CPU
		{8F20DBCD-D8C9-4531-A73E-3C6E4F3E83CB}.Debug|Any CPU.Build.0 = Debug|Any CPU
		{8F20DBCD-D8C9-4531-A73E-3C6E4F3E83CB}.Release|Any CPU.ActiveCfg = Release|Any CPU
		{8F20DBCD-D8C9-4531-A73E-3C6E4F3E83CB}.Release|Any CPU.Build.0 = Release|Any CPU
		{1D28B942-0A6D-4CC9-8D6F-0D8F5A16CC53}.Debug|Any CPU.ActiveCfg = Debug|Any CPU
		{1D28B942-0A6D-4CC9-8D6F-0D8F5A16CC53}.Debug|Any CPU.Build.0 = Debug|Any CPU
		{1D28B942-0A6D-4CC9-8D6F-0D8F5A16CC53}.Release|Any CPU.ActiveCfg = Release|Any CPU
		{1D28B942-0A6D-4CC9-8D6F-0D8F5A16CC53}.Release|Any CPU.Build.0 = Release|Any CPU
		{F8D9126C-E625-4CF8-B384-26C1139D8BF1}.Debug|Any CPU.ActiveCfg = Debug|Any CPU
		{F8D9126C-E625-4CF8-B384-26C1139D8BF1}.Debug|Any CPU.Build.0 = Debug|Any CPU
		{F8D9126C-E625-4CF8-B384-26C1139D8BF1}.Release|Any CPU.ActiveCfg = Release|Any CPU
		{F8D9126C-E625-4CF8-B384-26C1139D8BF1}.Release|Any CPU.Build.0 = Release|Any CPU
		{E9E6B97B-C70F-4A97-AC03-7DC4832E388C}.Debug|Any CPU.ActiveCfg = Debug|Any CPU
		{E9E6B97B-C70F-4A97-AC03-7DC4832E388C}.Debug|Any CPU.Build.0 = Debug|Any CPU
		{E9E6B97B-C70F-4A97-AC03-7DC4832E388C}.Release|Any CPU.ActiveCfg = Release|Any CPU
		{E9E6B97B-C70F-4A97-AC03-7DC4832E388C}.Release|Any CPU.Build.0 = Release|Any CPU
		{A27D0549-34A1-48A6-B343-9E6629B0DDB3}.Debug|Any CPU.ActiveCfg = Debug|Any CPU
		{A27D0549-34A1-48A6-B343-9E6629B0DDB3}.Debug|Any CPU.Build.0 = Debug|Any CPU
		{A27D0549-34A1-48A6-B343-9E6629B0DDB3}.Release|Any CPU.ActiveCfg = Release|Any CPU
		{A27D0549-34A1-48A6-B343-9E6629B0DDB3}.Release|Any CPU.Build.0 = Release|Any CPU
		{F012E11A-9EB8-4F0A-817D-D2CD28900897}.Debug|Any CPU.ActiveCfg = Debug|Any CPU
		{F012E11A-9EB8-4F0A-817D-D2CD28900897}.Debug|Any CPU.Build.0 = Debug|Any CPU
		{F012E11A-9EB8-4F0A-817D-D2CD28900897}.Release|Any CPU.ActiveCfg = Release|Any CPU
		{F012E11A-9EB8-4F0A-817D-D2CD28900897}.Release|Any CPU.Build.0 = Release|Any CPU
		{A27BFBC5-4A2F-4D52-BCBE-0541D90CDB85}.Debug|Any CPU.ActiveCfg = Debug|Any CPU
		{A27BFBC5-4A2F-4D52-BCBE-0541D90CDB85}.Debug|Any CPU.Build.0 = Debug|Any CPU
		{A27BFBC5-4A2F-4D52-BCBE-0541D90CDB85}.Release|Any CPU.ActiveCfg = Release|Any CPU
		{A27BFBC5-4A2F-4D52-BCBE-0541D90CDB85}.Release|Any CPU.Build.0 = Release|Any CPU
		{6CD84DF4-E35F-4047-9646-834CDD1CD761}.Debug|Any CPU.ActiveCfg = Debug|Any CPU
		{6CD84DF4-E35F-4047-9646-834CDD1CD761}.Debug|Any CPU.Build.0 = Debug|Any CPU
		{6CD84DF4-E35F-4047-9646-834CDD1CD761}.Release|Any CPU.ActiveCfg = Release|Any CPU
		{6CD84DF4-E35F-4047-9646-834CDD1CD761}.Release|Any CPU.Build.0 = Release|Any CPU
		{77EEBA09-3D6E-4B34-A503-44B85A8ECDC3}.Debug|Any CPU.ActiveCfg = Debug|Any CPU
		{77EEBA09-3D6E-4B34-A503-44B85A8ECDC3}.Debug|Any CPU.Build.0 = Debug|Any CPU
		{77EEBA09-3D6E-4B34-A503-44B85A8ECDC3}.Release|Any CPU.ActiveCfg = Release|Any CPU
		{77EEBA09-3D6E-4B34-A503-44B85A8ECDC3}.Release|Any CPU.Build.0 = Release|Any CPU
		{04566CC8-6E02-4DAA-A578-2234F6B2641D}.Debug|Any CPU.ActiveCfg = Debug|Any CPU
		{04566CC8-6E02-4DAA-A578-2234F6B2641D}.Debug|Any CPU.Build.0 = Debug|Any CPU
		{04566CC8-6E02-4DAA-A578-2234F6B2641D}.Release|Any CPU.ActiveCfg = Release|Any CPU
		{04566CC8-6E02-4DAA-A578-2234F6B2641D}.Release|Any CPU.Build.0 = Release|Any CPU
		{D99A7B76-851E-485C-A773-8D5DE5E57467}.Debug|Any CPU.ActiveCfg = Debug|Any CPU
		{D99A7B76-851E-485C-A773-8D5DE5E57467}.Debug|Any CPU.Build.0 = Debug|Any CPU
		{D99A7B76-851E-485C-A773-8D5DE5E57467}.Release|Any CPU.ActiveCfg = Release|Any CPU
		{D99A7B76-851E-485C-A773-8D5DE5E57467}.Release|Any CPU.Build.0 = Release|Any CPU
		{DE448560-5EC8-4BB5-87E0-9EF7BE2A8158}.Debug|Any CPU.ActiveCfg = Debug|Any CPU
		{DE448560-5EC8-4BB5-87E0-9EF7BE2A8158}.Debug|Any CPU.Build.0 = Debug|Any CPU
		{DE448560-5EC8-4BB5-87E0-9EF7BE2A8158}.Release|Any CPU.ActiveCfg = Release|Any CPU
		{DE448560-5EC8-4BB5-87E0-9EF7BE2A8158}.Release|Any CPU.Build.0 = Release|Any CPU
		{A0EDE6C1-4127-4BA9-BB9D-2616BACC6B80}.Debug|Any CPU.ActiveCfg = Debug|Any CPU
		{A0EDE6C1-4127-4BA9-BB9D-2616BACC6B80}.Debug|Any CPU.Build.0 = Debug|Any CPU
		{A0EDE6C1-4127-4BA9-BB9D-2616BACC6B80}.Release|Any CPU.ActiveCfg = Release|Any CPU
		{A0EDE6C1-4127-4BA9-BB9D-2616BACC6B80}.Release|Any CPU.Build.0 = Release|Any CPU
		{8362B5DB-B7D7-40E8-A28B-C99F6923EAA1}.Debug|Any CPU.ActiveCfg = Debug|Any CPU
		{8362B5DB-B7D7-40E8-A28B-C99F6923EAA1}.Debug|Any CPU.Build.0 = Debug|Any CPU
		{8362B5DB-B7D7-40E8-A28B-C99F6923EAA1}.Release|Any CPU.ActiveCfg = Release|Any CPU
		{8362B5DB-B7D7-40E8-A28B-C99F6923EAA1}.Release|Any CPU.Build.0 = Release|Any CPU
		{F3E214BC-2D8A-4481-AAC6-43F088B036DF}.Debug|Any CPU.ActiveCfg = Debug|Any CPU
		{F3E214BC-2D8A-4481-AAC6-43F088B036DF}.Debug|Any CPU.Build.0 = Debug|Any CPU
		{F3E214BC-2D8A-4481-AAC6-43F088B036DF}.Release|Any CPU.ActiveCfg = Release|Any CPU
		{F3E214BC-2D8A-4481-AAC6-43F088B036DF}.Release|Any CPU.Build.0 = Release|Any CPU
		{DF2606DB-8AB6-46A4-902D-D04B00D5AE4C}.Debug|Any CPU.ActiveCfg = Debug|Any CPU
		{DF2606DB-8AB6-46A4-902D-D04B00D5AE4C}.Debug|Any CPU.Build.0 = Debug|Any CPU
		{DF2606DB-8AB6-46A4-902D-D04B00D5AE4C}.Release|Any CPU.ActiveCfg = Release|Any CPU
		{DF2606DB-8AB6-46A4-902D-D04B00D5AE4C}.Release|Any CPU.Build.0 = Release|Any CPU
		{E041CB82-C6CF-4367-95A4-6A669DEFA72D}.Debug|Any CPU.ActiveCfg = Debug|Any CPU
		{E041CB82-C6CF-4367-95A4-6A669DEFA72D}.Debug|Any CPU.Build.0 = Debug|Any CPU
		{E041CB82-C6CF-4367-95A4-6A669DEFA72D}.Release|Any CPU.ActiveCfg = Release|Any CPU
		{E041CB82-C6CF-4367-95A4-6A669DEFA72D}.Release|Any CPU.Build.0 = Release|Any CPU
		{EC527CE4-B155-4A8D-B6D2-8FD25507C32D}.Debug|Any CPU.ActiveCfg = Debug|Any CPU
		{EC527CE4-B155-4A8D-B6D2-8FD25507C32D}.Debug|Any CPU.Build.0 = Debug|Any CPU
		{EC527CE4-B155-4A8D-B6D2-8FD25507C32D}.Release|Any CPU.ActiveCfg = Release|Any CPU
		{EC527CE4-B155-4A8D-B6D2-8FD25507C32D}.Release|Any CPU.Build.0 = Release|Any CPU
		{02837908-CAC7-4011-B6DF-06392EA48C43}.Debug|Any CPU.ActiveCfg = Debug|Any CPU
		{02837908-CAC7-4011-B6DF-06392EA48C43}.Debug|Any CPU.Build.0 = Debug|Any CPU
		{02837908-CAC7-4011-B6DF-06392EA48C43}.Release|Any CPU.ActiveCfg = Release|Any CPU
		{02837908-CAC7-4011-B6DF-06392EA48C43}.Release|Any CPU.Build.0 = Release|Any CPU
		{0D818C61-ACC8-4869-A2C9-DAC7ED526394}.Debug|Any CPU.ActiveCfg = Debug|Any CPU
		{0D818C61-ACC8-4869-A2C9-DAC7ED526394}.Debug|Any CPU.Build.0 = Debug|Any CPU
		{0D818C61-ACC8-4869-A2C9-DAC7ED526394}.Release|Any CPU.ActiveCfg = Release|Any CPU
		{0D818C61-ACC8-4869-A2C9-DAC7ED526394}.Release|Any CPU.Build.0 = Release|Any CPU
		{E3D5F670-533D-4649-858E-A0AE2B66AD77}.Debug|Any CPU.ActiveCfg = Debug|Any CPU
		{E3D5F670-533D-4649-858E-A0AE2B66AD77}.Debug|Any CPU.Build.0 = Debug|Any CPU
		{E3D5F670-533D-4649-858E-A0AE2B66AD77}.Release|Any CPU.ActiveCfg = Release|Any CPU
		{E3D5F670-533D-4649-858E-A0AE2B66AD77}.Release|Any CPU.Build.0 = Release|Any CPU
		{21176B62-D2AA-4060-81FC-2495EF761251}.Debug|Any CPU.ActiveCfg = Debug|Any CPU
		{21176B62-D2AA-4060-81FC-2495EF761251}.Debug|Any CPU.Build.0 = Debug|Any CPU
		{21176B62-D2AA-4060-81FC-2495EF761251}.Release|Any CPU.ActiveCfg = Release|Any CPU
		{21176B62-D2AA-4060-81FC-2495EF761251}.Release|Any CPU.Build.0 = Release|Any CPU
		{84B6688D-25C5-4480-9DA8-069A673B6073}.Debug|Any CPU.ActiveCfg = Debug|Any CPU
		{84B6688D-25C5-4480-9DA8-069A673B6073}.Debug|Any CPU.Build.0 = Debug|Any CPU
		{84B6688D-25C5-4480-9DA8-069A673B6073}.Release|Any CPU.ActiveCfg = Release|Any CPU
		{84B6688D-25C5-4480-9DA8-069A673B6073}.Release|Any CPU.Build.0 = Release|Any CPU
		{4CE79B1B-A294-4BB0-9BC1-F7424AD39111}.Debug|Any CPU.ActiveCfg = Debug|Any CPU
		{4CE79B1B-A294-4BB0-9BC1-F7424AD39111}.Debug|Any CPU.Build.0 = Debug|Any CPU
		{4CE79B1B-A294-4BB0-9BC1-F7424AD39111}.Release|Any CPU.ActiveCfg = Release|Any CPU
		{4CE79B1B-A294-4BB0-9BC1-F7424AD39111}.Release|Any CPU.Build.0 = Release|Any CPU
		{585C0DEB-FD9B-4C28-88CF-AFE011A28569}.Debug|Any CPU.ActiveCfg = Debug|Any CPU
		{585C0DEB-FD9B-4C28-88CF-AFE011A28569}.Debug|Any CPU.Build.0 = Debug|Any CPU
		{585C0DEB-FD9B-4C28-88CF-AFE011A28569}.Release|Any CPU.ActiveCfg = Release|Any CPU
		{585C0DEB-FD9B-4C28-88CF-AFE011A28569}.Release|Any CPU.Build.0 = Release|Any CPU
		{BE9038DC-B828-4255-9265-B9AC6326407D}.Debug|Any CPU.ActiveCfg = Debug|Any CPU
		{BE9038DC-B828-4255-9265-B9AC6326407D}.Debug|Any CPU.Build.0 = Debug|Any CPU
		{BE9038DC-B828-4255-9265-B9AC6326407D}.Release|Any CPU.ActiveCfg = Release|Any CPU
		{BE9038DC-B828-4255-9265-B9AC6326407D}.Release|Any CPU.Build.0 = Release|Any CPU
	EndGlobalSection
	GlobalSection(SolutionProperties) = preSolution
		HideSolutionNode = FALSE
	EndGlobalSection
	GlobalSection(NestedProjects) = preSolution
		{44ED3787-0540-4AB7-A790-1837044F80E9} = {26885B89-C72A-42D0-B658-41F6B5B6717B}
		{6975792E-3A18-4043-8C7F-877A8AC448A5} = {26885B89-C72A-42D0-B658-41F6B5B6717B}
		{E94E760A-F7EF-4E10-8FFB-80E679430203} = {26885B89-C72A-42D0-B658-41F6B5B6717B}
		{4BEC5D50-CA75-4975-9601-B11D7D636D09} = {26885B89-C72A-42D0-B658-41F6B5B6717B}
		{7BC42248-AC87-4D59-8710-8AAA96284689} = {CD68A198-9AF2-400C-AD07-9C3FF08104F8}
		{8DA7F3FD-0E31-4DB2-A2A8-8B2ABB1C6A96} = {5FFE10A4-3FA5-4CAE-A5E5-F292E13AA98E}
		{1297B1F4-BB10-444B-B3F6-84AF525FBC91} = {CD68A198-9AF2-400C-AD07-9C3FF08104F8}
		{7D65A9D4-60CE-4D1E-BEF9-E39C0410AC3E} = {CD68A198-9AF2-400C-AD07-9C3FF08104F8}
		{F76CA5D5-7EBA-43BC-8A7C-C2762AE08ECE} = {CD68A198-9AF2-400C-AD07-9C3FF08104F8}
		{F944C70F-7E3E-4DA5-96E5-3BB22C070672} = {CD68A198-9AF2-400C-AD07-9C3FF08104F8}
		{700E7B01-062D-4165-A4A9-8B494E3E345F} = {CD68A198-9AF2-400C-AD07-9C3FF08104F8}
		{346CBAF1-B58C-482C-B580-FA374738624E} = {0AEE5261-B551-4F34-9281-DF0A21845FFA}
		{301C4A5E-270C-4266-959A-4A41C951FA19} = {0AEE5261-B551-4F34-9281-DF0A21845FFA}
		{0E60435B-9B19-4BE0-A778-3C355D6487FD} = {0AEE5261-B551-4F34-9281-DF0A21845FFA}
		{951CB6BE-9CF5-4262-8053-DB7E3504F5F6} = {0AEE5261-B551-4F34-9281-DF0A21845FFA}
		{19F84327-B5AC-4CF6-934C-65DFCD19BCC7} = {0AEE5261-B551-4F34-9281-DF0A21845FFA}
		{3BD361FF-61A2-4F25-887F-88DE46AD00F3} = {0AEE5261-B551-4F34-9281-DF0A21845FFA}
		{F9AF8B48-5468-4C1F-B4CA-65CE52F2889F} = {0AEE5261-B551-4F34-9281-DF0A21845FFA}
		{CC3C5DAC-C550-46D8-B38E-F286F968F06E} = {5FFE10A4-3FA5-4CAE-A5E5-F292E13AA98E}
		{FC0C1937-A08A-4005-AF11-59B45DB33D9F} = {20F65647-BF7B-4854-9815-7B9933815873}
		{3B8376C2-E384-4BF2-97E1-18921E6E64FE} = {FC0C1937-A08A-4005-AF11-59B45DB33D9F}
		{018918D9-D696-4A67-91BA-A7D7DC4010FC} = {3B8376C2-E384-4BF2-97E1-18921E6E64FE}
		{731289F7-692B-44A9-BB97-B434F3C6426A} = {3B8376C2-E384-4BF2-97E1-18921E6E64FE}
		{2432EB8D-9AD9-4C30-B9B9-4DCE836DDDBE} = {FC0C1937-A08A-4005-AF11-59B45DB33D9F}
		{9C7877F8-A18B-4E09-BEA9-589E703686E8} = {2432EB8D-9AD9-4C30-B9B9-4DCE836DDDBE}
		{612B76FD-5C69-409A-90AA-49D4BBC4E423} = {2432EB8D-9AD9-4C30-B9B9-4DCE836DDDBE}
		{F008831F-32FB-43F3-B899-805865AEE8AE} = {5FFE10A4-3FA5-4CAE-A5E5-F292E13AA98E}
		{DAA70FE7-D537-4D67-8F58-AA4AE684B4CF} = {322151AA-1E5E-40B1-9EB2-1C5E45208C75}
		{D091FC9B-FD6B-4A09-A85C-CFBE0901D2E7} = {322151AA-1E5E-40B1-9EB2-1C5E45208C75}
		{1A19FBD9-63E1-46A8-A16A-5525E4E4190E} = {322151AA-1E5E-40B1-9EB2-1C5E45208C75}
		{DD63C0F9-4967-4974-BA91-7C6B4644928D} = {322151AA-1E5E-40B1-9EB2-1C5E45208C75}
		{8F621D76-BC80-42F2-8D7F-3C88E4EA8CD2} = {3CCA052E-2E09-4026-BF71-A727A639A4A1}
		{650ADCF3-728C-4B86-B8FC-3DC77ACA9D31} = {3CCA052E-2E09-4026-BF71-A727A639A4A1}
		{42324897-4D48-475E-B5BA-7254A8CB6D5E} = {5FFE10A4-3FA5-4CAE-A5E5-F292E13AA98E}
		{7FBA9433-2E61-43FF-8FF1-1C4AD040188E} = {3CCA052E-2E09-4026-BF71-A727A639A4A1}
		{36B8DF55-55E2-4A00-8A17-B08BFC8D65BA} = {3CCA052E-2E09-4026-BF71-A727A639A4A1}
		{2C61FF0C-BC05-4397-B12B-C6D6DAD9DDCC} = {3CCA052E-2E09-4026-BF71-A727A639A4A1}
		{0F6E8D39-7D1D-44DC-AEED-1BD71C48A941} = {5FFE10A4-3FA5-4CAE-A5E5-F292E13AA98E}
		{D86F2F97-C7F0-4F49-9723-DA33154B0D4D} = {F09D9347-9464-4AC4-B87B-B4EB74F93728}
		{463DD9FC-2923-4346-A954-A90C5E7DCF18} = {F09D9347-9464-4AC4-B87B-B4EB74F93728}
		{0309C6BD-576D-49BF-B4E0-A3AA70E39F5A} = {F09D9347-9464-4AC4-B87B-B4EB74F93728}
		{CE376103-447D-4B7C-8D23-E332156A9A82} = {F09D9347-9464-4AC4-B87B-B4EB74F93728}
		{8835AED6-5F4C-4808-810E-332B63D498E0} = {F09D9347-9464-4AC4-B87B-B4EB74F93728}
		{D68FFA5A-A600-40CC-BA7B-EB2F93914408} = {5FFE10A4-3FA5-4CAE-A5E5-F292E13AA98E}
		{F291FBB7-5AB7-45B3-BC87-6A9114FBDB4F} = {BF0BE61B-87D4-45DC-BB04-4D72BE4A05B5}
		{3BB30E0A-0321-45CA-B2C3-049D52E63B4E} = {5FFE10A4-3FA5-4CAE-A5E5-F292E13AA98E}
		{8F20DBCD-D8C9-4531-A73E-3C6E4F3E83CB} = {179192A3-156F-4DFC-83C7-BD6ABFAE9F72}
		{1D28B942-0A6D-4CC9-8D6F-0D8F5A16CC53} = {179192A3-156F-4DFC-83C7-BD6ABFAE9F72}
		{F8D9126C-E625-4CF8-B384-26C1139D8BF1} = {179192A3-156F-4DFC-83C7-BD6ABFAE9F72}
		{E9E6B97B-C70F-4A97-AC03-7DC4832E388C} = {5FFE10A4-3FA5-4CAE-A5E5-F292E13AA98E}
		{A27D0549-34A1-48A6-B343-9E6629B0DDB3} = {179192A3-156F-4DFC-83C7-BD6ABFAE9F72}
		{F0ABF4BA-59B4-4733-8FA6-F6DD40AD84E5} = {FC0C1937-A08A-4005-AF11-59B45DB33D9F}
		{F012E11A-9EB8-4F0A-817D-D2CD28900897} = {F0ABF4BA-59B4-4733-8FA6-F6DD40AD84E5}
		{A27BFBC5-4A2F-4D52-BCBE-0541D90CDB85} = {F0ABF4BA-59B4-4733-8FA6-F6DD40AD84E5}
		{3AA50841-B813-4357-B45D-2FEF77614211} = {FC0C1937-A08A-4005-AF11-59B45DB33D9F}
		{6CD84DF4-E35F-4047-9646-834CDD1CD761} = {3AA50841-B813-4357-B45D-2FEF77614211}
		{77EEBA09-3D6E-4B34-A503-44B85A8ECDC3} = {3AA50841-B813-4357-B45D-2FEF77614211}
		{04566CC8-6E02-4DAA-A578-2234F6B2641D} = {1F81AD81-26FE-49F8-A835-BB4FFB03B8CB}
		{D99A7B76-851E-485C-A773-8D5DE5E57467} = {E0AF09EC-92DB-45E8-8549-B19693701733}
		{DE448560-5EC8-4BB5-87E0-9EF7BE2A8158} = {5FFE10A4-3FA5-4CAE-A5E5-F292E13AA98E}
		{A0EDE6C1-4127-4BA9-BB9D-2616BACC6B80} = {5FFE10A4-3FA5-4CAE-A5E5-F292E13AA98E}
		{8362B5DB-B7D7-40E8-A28B-C99F6923EAA1} = {83EB55AA-7F16-41CF-B3E4-B12003F518E2}
		{F3E214BC-2D8A-4481-AAC6-43F088B036DF} = {5FFE10A4-3FA5-4CAE-A5E5-F292E13AA98E}
		{DF2606DB-8AB6-46A4-902D-D04B00D5AE4C} = {7DD253F5-B718-4546-A8B8-63C09210E4ED}
		{E041CB82-C6CF-4367-95A4-6A669DEFA72D} = {7DD253F5-B718-4546-A8B8-63C09210E4ED}
		{EC527CE4-B155-4A8D-B6D2-8FD25507C32D} = {108C4A30-7106-48C6-83F3-25AF27EE153D}
		{02837908-CAC7-4011-B6DF-06392EA48C43} = {108C4A30-7106-48C6-83F3-25AF27EE153D}
		{0D818C61-ACC8-4869-A2C9-DAC7ED526394} = {E2CFE82B-8AB5-4295-BAAD-9BD9899E4BF5}
		{E3D5F670-533D-4649-858E-A0AE2B66AD77} = {E2CFE82B-8AB5-4295-BAAD-9BD9899E4BF5}
		{21176B62-D2AA-4060-81FC-2495EF761251} = {E2CFE82B-8AB5-4295-BAAD-9BD9899E4BF5}
		{84B6688D-25C5-4480-9DA8-069A673B6073} = {A0277464-FE8F-4B99-8CA4-CBF985407140}
		{4CE79B1B-A294-4BB0-9BC1-F7424AD39111} = {A0277464-FE8F-4B99-8CA4-CBF985407140}
		{585C0DEB-FD9B-4C28-88CF-AFE011A28569} = {A0277464-FE8F-4B99-8CA4-CBF985407140}
		{BE9038DC-B828-4255-9265-B9AC6326407D} = {A0277464-FE8F-4B99-8CA4-CBF985407140}
	EndGlobalSection
	GlobalSection(ExtensibilityGlobals) = postSolution
		SolutionGuid = {C3356471-9477-41E6-9DD8-E982C7A6299E}
	EndGlobalSection
EndGlobal
