
Microsoft Visual Studio Solution File, Format Version 12.00
# Visual Studio Version 17
VisualStudioVersion = 17.5.33516.290
MinimumVisualStudioVersion = 10.0.40219.1
Project("{2150E333-8FDC-42A3-9474-1A3956D46DE8}") = "UNIDAD 01 (INTRODUCCION)", "UNIDAD 01 (INTRODUCCION)", "{26885B89-C72A-42D0-B658-41F6B5B6717B}"
EndProject
Project("{9A19103F-16F7-4668-BE54-9A1E7A4F7556}") = "EJERCICIO_01_I01_V1", "EJERCICIO_01_I01_V1\EJERCICIO_01_I01_V1.csproj", "{44ED3787-0540-4AB7-A790-1837044F80E9}"
EndProject
Project("{2150E333-8FDC-42A3-9474-1A3956D46DE8}") = "ENTIDADES - CLASES", "ENTIDADES - CLASES", "{5FFE10A4-3FA5-4CAE-A5E5-F292E13AA98E}"
EndProject
Project("{9A19103F-16F7-4668-BE54-9A1E7A4F7556}") = "EJERCICIO_02_I02", "EJERCICIO_02_I02\EJERCICIO_02_I02.csproj", "{6975792E-3A18-4043-8C7F-877A8AC448A5}"
EndProject
Project("{9A19103F-16F7-4668-BE54-9A1E7A4F7556}") = "EJERCICIO_03_I03", "EJERCICIO_03_I03\EJERCICIO_03_I03.csproj", "{E94E760A-F7EF-4E10-8FFB-80E679430203}"
EndProject
Project("{9A19103F-16F7-4668-BE54-9A1E7A4F7556}") = "EJERCICIO_04_I04", "EJERCICIO_04_I04\EJERCICIO_04_I04.csproj", "{4BEC5D50-CA75-4975-9601-B11D7D636D09}"
EndProject
Project("{2150E333-8FDC-42A3-9474-1A3956D46DE8}") = "UNIDAD 02 (CLASES - METODOS)", "UNIDAD 02 (CLASES - METODOS)", "{CD68A198-9AF2-400C-AD07-9C3FF08104F8}"
EndProject
Project("{9A19103F-16F7-4668-BE54-9A1E7A4F7556}") = "EJERCICIO_I01", "EXPLICACION\EJERCICIO_I01.csproj", "{7BC42248-AC87-4D59-8710-8AAA96284689}"
EndProject
Project("{9A19103F-16F7-4668-BE54-9A1E7A4F7556}") = "UNIDAD 02 ENTIDADES", "UNIDAD 02 ENTIDADES\UNIDAD 02 ENTIDADES.csproj", "{8DA7F3FD-0E31-4DB2-A2A8-8B2ABB1C6A96}"
EndProject
Project("{9A19103F-16F7-4668-BE54-9A1E7A4F7556}") = "EJERCICIO_I02", "EJERCICIO_I02\EJERCICIO_I02.csproj", "{1297B1F4-BB10-444B-B3F6-84AF525FBC91}"
EndProject
Project("{9A19103F-16F7-4668-BE54-9A1E7A4F7556}") = "EJERCICIO_I04", "EJERCICIO_I04\EJERCICIO_I04.csproj", "{7D65A9D4-60CE-4D1E-BEF9-E39C0410AC3E}"
EndProject
Project("{9A19103F-16F7-4668-BE54-9A1E7A4F7556}") = "EJERCICIO_I05", "EJERCICIO_I05\EJERCICIO_I05.csproj", "{F76CA5D5-7EBA-43BC-8A7C-C2762AE08ECE}"
EndProject
Project("{9A19103F-16F7-4668-BE54-9A1E7A4F7556}") = "EJERCICIO_I06", "EJERCICIO_I06\EJERCICIO_I06.csproj", "{F944C70F-7E3E-4DA5-96E5-3BB22C070672}"
EndProject
Project("{9A19103F-16F7-4668-BE54-9A1E7A4F7556}") = "EJERCICIO_I07", "EJERCICIO_07\EJERCICIO_I07.csproj", "{700E7B01-062D-4165-A4A9-8B494E3E345F}"
EndProject
Project("{2150E333-8FDC-42A3-9474-1A3956D46DE8}") = "UNIDAD 03 (POO)", "UNIDAD 03 (POO)", "{0AEE5261-B551-4F34-9281-DF0A21845FFA}"
EndProject
Project("{9A19103F-16F7-4668-BE54-9A1E7A4F7556}") = "UNIDAD 03 ENTIDADES", "UNIDAD 03\UNIDAD 03 ENTIDADES.csproj", "{53D94EAC-D0EC-4133-AA99-A903B27B74AC}"
EndProject
Project("{9A19103F-16F7-4668-BE54-9A1E7A4F7556}") = "EJERCICIO_I01", "EJERCICIO_I01\EJERCICIO_I01.csproj", "{346CBAF1-B58C-482C-B580-FA374738624E}"
EndProject
Project("{9A19103F-16F7-4668-BE54-9A1E7A4F7556}") = "EJERCICIO_I02_V", "EJERCICIO_I02_V\EJERCICIO_I02_V.csproj", "{301C4A5E-270C-4266-959A-4A41C951FA19}"
EndProject
Project("{9A19103F-16F7-4668-BE54-9A1E7A4F7556}") = "EJERCICIO_I03", "EJERCICIO_I03\EJERCICIO_I03.csproj", "{0E60435B-9B19-4BE0-A778-3C355D6487FD}"
EndProject
Project("{9A19103F-16F7-4668-BE54-9A1E7A4F7556}") = "EJERICICIO_I04", "EJERICICIO_I04\EJERICICIO_I04.csproj", "{951CB6BE-9CF5-4262-8053-DB7E3504F5F6}"
EndProject
Project("{9A19103F-16F7-4668-BE54-9A1E7A4F7556}") = "EJERCICIO_I05_UNIT_03", "EJERCICIO_I05_UNIT_03\EJERCICIO_I05_UNIT_03.csproj", "{19F84327-B5AC-4CF6-934C-65DFCD19BCC7}"
EndProject
Project("{FAE04EC0-301F-11D3-BF4B-00C04F79EFBC}") = "EJERCICIO_AO1", "EJERCICIO_AO1\EJERCICIO_AO1.csproj", "{3BD361FF-61A2-4F25-887F-88DE46AD00F3}"
EndProject
Global
	GlobalSection(SolutionConfigurationPlatforms) = preSolution
		Debug|Any CPU = Debug|Any CPU
		Release|Any CPU = Release|Any CPU
	EndGlobalSection
	GlobalSection(ProjectConfigurationPlatforms) = postSolution
		{44ED3787-0540-4AB7-A790-1837044F80E9}.Debug|Any CPU.ActiveCfg = Debug|Any CPU
		{44ED3787-0540-4AB7-A790-1837044F80E9}.Debug|Any CPU.Build.0 = Debug|Any CPU
		{44ED3787-0540-4AB7-A790-1837044F80E9}.Release|Any CPU.ActiveCfg = Release|Any CPU
		{44ED3787-0540-4AB7-A790-1837044F80E9}.Release|Any CPU.Build.0 = Release|Any CPU
		{6975792E-3A18-4043-8C7F-877A8AC448A5}.Debug|Any CPU.ActiveCfg = Debug|Any CPU
		{6975792E-3A18-4043-8C7F-877A8AC448A5}.Debug|Any CPU.Build.0 = Debug|Any CPU
		{6975792E-3A18-4043-8C7F-877A8AC448A5}.Release|Any CPU.ActiveCfg = Release|Any CPU
		{6975792E-3A18-4043-8C7F-877A8AC448A5}.Release|Any CPU.Build.0 = Release|Any CPU
		{E94E760A-F7EF-4E10-8FFB-80E679430203}.Debug|Any CPU.ActiveCfg = Debug|Any CPU
		{E94E760A-F7EF-4E10-8FFB-80E679430203}.Debug|Any CPU.Build.0 = Debug|Any CPU
		{E94E760A-F7EF-4E10-8FFB-80E679430203}.Release|Any CPU.ActiveCfg = Release|Any CPU
		{E94E760A-F7EF-4E10-8FFB-80E679430203}.Release|Any CPU.Build.0 = Release|Any CPU
		{4BEC5D50-CA75-4975-9601-B11D7D636D09}.Debug|Any CPU.ActiveCfg = Debug|Any CPU
		{4BEC5D50-CA75-4975-9601-B11D7D636D09}.Debug|Any CPU.Build.0 = Debug|Any CPU
		{4BEC5D50-CA75-4975-9601-B11D7D636D09}.Release|Any CPU.ActiveCfg = Release|Any CPU
		{4BEC5D50-CA75-4975-9601-B11D7D636D09}.Release|Any CPU.Build.0 = Release|Any CPU
		{7BC42248-AC87-4D59-8710-8AAA96284689}.Debug|Any CPU.ActiveCfg = Debug|Any CPU
		{7BC42248-AC87-4D59-8710-8AAA96284689}.Debug|Any CPU.Build.0 = Debug|Any CPU
		{7BC42248-AC87-4D59-8710-8AAA96284689}.Release|Any CPU.ActiveCfg = Release|Any CPU
		{7BC42248-AC87-4D59-8710-8AAA96284689}.Release|Any CPU.Build.0 = Release|Any CPU
		{8DA7F3FD-0E31-4DB2-A2A8-8B2ABB1C6A96}.Debug|Any CPU.ActiveCfg = Debug|Any CPU
		{8DA7F3FD-0E31-4DB2-A2A8-8B2ABB1C6A96}.Debug|Any CPU.Build.0 = Debug|Any CPU
		{8DA7F3FD-0E31-4DB2-A2A8-8B2ABB1C6A96}.Release|Any CPU.ActiveCfg = Release|Any CPU
		{8DA7F3FD-0E31-4DB2-A2A8-8B2ABB1C6A96}.Release|Any CPU.Build.0 = Release|Any CPU
		{1297B1F4-BB10-444B-B3F6-84AF525FBC91}.Debug|Any CPU.ActiveCfg = Debug|Any CPU
		{1297B1F4-BB10-444B-B3F6-84AF525FBC91}.Debug|Any CPU.Build.0 = Debug|Any CPU
		{1297B1F4-BB10-444B-B3F6-84AF525FBC91}.Release|Any CPU.ActiveCfg = Release|Any CPU
		{1297B1F4-BB10-444B-B3F6-84AF525FBC91}.Release|Any CPU.Build.0 = Release|Any CPU
		{7D65A9D4-60CE-4D1E-BEF9-E39C0410AC3E}.Debug|Any CPU.ActiveCfg = Debug|Any CPU
		{7D65A9D4-60CE-4D1E-BEF9-E39C0410AC3E}.Debug|Any CPU.Build.0 = Debug|Any CPU
		{7D65A9D4-60CE-4D1E-BEF9-E39C0410AC3E}.Release|Any CPU.ActiveCfg = Release|Any CPU
		{7D65A9D4-60CE-4D1E-BEF9-E39C0410AC3E}.Release|Any CPU.Build.0 = Release|Any CPU
		{F76CA5D5-7EBA-43BC-8A7C-C2762AE08ECE}.Debug|Any CPU.ActiveCfg = Debug|Any CPU
		{F76CA5D5-7EBA-43BC-8A7C-C2762AE08ECE}.Debug|Any CPU.Build.0 = Debug|Any CPU
		{F76CA5D5-7EBA-43BC-8A7C-C2762AE08ECE}.Release|Any CPU.ActiveCfg = Release|Any CPU
		{F76CA5D5-7EBA-43BC-8A7C-C2762AE08ECE}.Release|Any CPU.Build.0 = Release|Any CPU
		{F944C70F-7E3E-4DA5-96E5-3BB22C070672}.Debug|Any CPU.ActiveCfg = Debug|Any CPU
		{F944C70F-7E3E-4DA5-96E5-3BB22C070672}.Debug|Any CPU.Build.0 = Debug|Any CPU
		{F944C70F-7E3E-4DA5-96E5-3BB22C070672}.Release|Any CPU.ActiveCfg = Release|Any CPU
		{F944C70F-7E3E-4DA5-96E5-3BB22C070672}.Release|Any CPU.Build.0 = Release|Any CPU
		{700E7B01-062D-4165-A4A9-8B494E3E345F}.Debug|Any CPU.ActiveCfg = Debug|Any CPU
		{700E7B01-062D-4165-A4A9-8B494E3E345F}.Debug|Any CPU.Build.0 = Debug|Any CPU
		{700E7B01-062D-4165-A4A9-8B494E3E345F}.Release|Any CPU.ActiveCfg = Release|Any CPU
		{700E7B01-062D-4165-A4A9-8B494E3E345F}.Release|Any CPU.Build.0 = Release|Any CPU
		{53D94EAC-D0EC-4133-AA99-A903B27B74AC}.Debug|Any CPU.ActiveCfg = Debug|Any CPU
		{53D94EAC-D0EC-4133-AA99-A903B27B74AC}.Debug|Any CPU.Build.0 = Debug|Any CPU
		{53D94EAC-D0EC-4133-AA99-A903B27B74AC}.Release|Any CPU.ActiveCfg = Release|Any CPU
		{53D94EAC-D0EC-4133-AA99-A903B27B74AC}.Release|Any CPU.Build.0 = Release|Any CPU
		{346CBAF1-B58C-482C-B580-FA374738624E}.Debug|Any CPU.ActiveCfg = Debug|Any CPU
		{346CBAF1-B58C-482C-B580-FA374738624E}.Debug|Any CPU.Build.0 = Debug|Any CPU
		{346CBAF1-B58C-482C-B580-FA374738624E}.Release|Any CPU.ActiveCfg = Release|Any CPU
		{346CBAF1-B58C-482C-B580-FA374738624E}.Release|Any CPU.Build.0 = Release|Any CPU
		{301C4A5E-270C-4266-959A-4A41C951FA19}.Debug|Any CPU.ActiveCfg = Debug|Any CPU
		{301C4A5E-270C-4266-959A-4A41C951FA19}.Debug|Any CPU.Build.0 = Debug|Any CPU
		{301C4A5E-270C-4266-959A-4A41C951FA19}.Release|Any CPU.ActiveCfg = Release|Any CPU
		{301C4A5E-270C-4266-959A-4A41C951FA19}.Release|Any CPU.Build.0 = Release|Any CPU
		{0E60435B-9B19-4BE0-A778-3C355D6487FD}.Debug|Any CPU.ActiveCfg = Debug|Any CPU
		{0E60435B-9B19-4BE0-A778-3C355D6487FD}.Debug|Any CPU.Build.0 = Debug|Any CPU
		{0E60435B-9B19-4BE0-A778-3C355D6487FD}.Release|Any CPU.ActiveCfg = Release|Any CPU
		{0E60435B-9B19-4BE0-A778-3C355D6487FD}.Release|Any CPU.Build.0 = Release|Any CPU
		{951CB6BE-9CF5-4262-8053-DB7E3504F5F6}.Debug|Any CPU.ActiveCfg = Debug|Any CPU
		{951CB6BE-9CF5-4262-8053-DB7E3504F5F6}.Debug|Any CPU.Build.0 = Debug|Any CPU
		{951CB6BE-9CF5-4262-8053-DB7E3504F5F6}.Release|Any CPU.ActiveCfg = Release|Any CPU
		{951CB6BE-9CF5-4262-8053-DB7E3504F5F6}.Release|Any CPU.Build.0 = Release|Any CPU
		{19F84327-B5AC-4CF6-934C-65DFCD19BCC7}.Debug|Any CPU.ActiveCfg = Debug|Any CPU
		{19F84327-B5AC-4CF6-934C-65DFCD19BCC7}.Debug|Any CPU.Build.0 = Debug|Any CPU
		{19F84327-B5AC-4CF6-934C-65DFCD19BCC7}.Release|Any CPU.ActiveCfg = Release|Any CPU
		{19F84327-B5AC-4CF6-934C-65DFCD19BCC7}.Release|Any CPU.Build.0 = Release|Any CPU
		{3BD361FF-61A2-4F25-887F-88DE46AD00F3}.Debug|Any CPU.ActiveCfg = Debug|Any CPU
		{3BD361FF-61A2-4F25-887F-88DE46AD00F3}.Debug|Any CPU.Build.0 = Debug|Any CPU
		{3BD361FF-61A2-4F25-887F-88DE46AD00F3}.Release|Any CPU.ActiveCfg = Release|Any CPU
		{3BD361FF-61A2-4F25-887F-88DE46AD00F3}.Release|Any CPU.Build.0 = Release|Any CPU
	EndGlobalSection
	GlobalSection(SolutionProperties) = preSolution
		HideSolutionNode = FALSE
	EndGlobalSection
	GlobalSection(NestedProjects) = preSolution
		{44ED3787-0540-4AB7-A790-1837044F80E9} = {26885B89-C72A-42D0-B658-41F6B5B6717B}
		{6975792E-3A18-4043-8C7F-877A8AC448A5} = {26885B89-C72A-42D0-B658-41F6B5B6717B}
		{E94E760A-F7EF-4E10-8FFB-80E679430203} = {26885B89-C72A-42D0-B658-41F6B5B6717B}
		{4BEC5D50-CA75-4975-9601-B11D7D636D09} = {26885B89-C72A-42D0-B658-41F6B5B6717B}
		{7BC42248-AC87-4D59-8710-8AAA96284689} = {CD68A198-9AF2-400C-AD07-9C3FF08104F8}
		{8DA7F3FD-0E31-4DB2-A2A8-8B2ABB1C6A96} = {5FFE10A4-3FA5-4CAE-A5E5-F292E13AA98E}
		{1297B1F4-BB10-444B-B3F6-84AF525FBC91} = {CD68A198-9AF2-400C-AD07-9C3FF08104F8}
		{7D65A9D4-60CE-4D1E-BEF9-E39C0410AC3E} = {CD68A198-9AF2-400C-AD07-9C3FF08104F8}
		{F76CA5D5-7EBA-43BC-8A7C-C2762AE08ECE} = {CD68A198-9AF2-400C-AD07-9C3FF08104F8}
		{F944C70F-7E3E-4DA5-96E5-3BB22C070672} = {CD68A198-9AF2-400C-AD07-9C3FF08104F8}
		{700E7B01-062D-4165-A4A9-8B494E3E345F} = {CD68A198-9AF2-400C-AD07-9C3FF08104F8}
		{53D94EAC-D0EC-4133-AA99-A903B27B74AC} = {5FFE10A4-3FA5-4CAE-A5E5-F292E13AA98E}
		{346CBAF1-B58C-482C-B580-FA374738624E} = {0AEE5261-B551-4F34-9281-DF0A21845FFA}
		{301C4A5E-270C-4266-959A-4A41C951FA19} = {0AEE5261-B551-4F34-9281-DF0A21845FFA}
		{0E60435B-9B19-4BE0-A778-3C355D6487FD} = {0AEE5261-B551-4F34-9281-DF0A21845FFA}
		{951CB6BE-9CF5-4262-8053-DB7E3504F5F6} = {0AEE5261-B551-4F34-9281-DF0A21845FFA}
		{19F84327-B5AC-4CF6-934C-65DFCD19BCC7} = {0AEE5261-B551-4F34-9281-DF0A21845FFA}
		{3BD361FF-61A2-4F25-887F-88DE46AD00F3} = {0AEE5261-B551-4F34-9281-DF0A21845FFA}
	EndGlobalSection
	GlobalSection(ExtensibilityGlobals) = postSolution
		SolutionGuid = {C3356471-9477-41E6-9DD8-E982C7A6299E}
	EndGlobalSection
EndGlobal
