
Microsoft Visual Studio Solution File, Format Version 12.00
# Visual Studio Version 17
VisualStudioVersion = 17.5.33516.290
MinimumVisualStudioVersion = 10.0.40219.1
Project("{2150E333-8FDC-42A3-9474-1A3956D46DE8}") = "UNIDAD 01 (INTRODUCCION)", "UNIDAD 01 (INTRODUCCION)", "{26885B89-C72A-42D0-B658-41F6B5B6717B}"
EndProject
Project("{9A19103F-16F7-4668-BE54-9A1E7A4F7556}") = "EJERCICIO_01_I01_V1", "EJERCICIO_01_I01_V1\EJERCICIO_01_I01_V1.csproj", "{44ED3787-0540-4AB7-A790-1837044F80E9}"
EndProject
Project("{2150E333-8FDC-42A3-9474-1A3956D46DE8}") = "ENTIDADES", "ENTIDADES", "{5FFE10A4-3FA5-4CAE-A5E5-F292E13AA98E}"
EndProject
Project("{9A19103F-16F7-4668-BE54-9A1E7A4F7556}") = "EJERCICIO_02_I02", "EJERCICIO_02_I02\EJERCICIO_02_I02.csproj", "{6975792E-3A18-4043-8C7F-877A8AC448A5}"
EndProject
Project("{9A19103F-16F7-4668-BE54-9A1E7A4F7556}") = "EJERCICIO_03_I03", "EJERCICIO_03_I03\EJERCICIO_03_I03.csproj", "{E94E760A-F7EF-4E10-8FFB-80E679430203}"
EndProject
Project("{9A19103F-16F7-4668-BE54-9A1E7A4F7556}") = "EJERCICIO_04_I04", "EJERCICIO_04_I04\EJERCICIO_04_I04.csproj", "{4BEC5D50-CA75-4975-9601-B11D7D636D09}"
EndProject
Project("{2150E333-8FDC-42A3-9474-1A3956D46DE8}") = "UNIDAD 02 (CLASES - METODOS)", "UNIDAD 02 (CLASES - METODOS)", "{CD68A198-9AF2-400C-AD07-9C3FF08104F8}"
EndProject
Global
	GlobalSection(SolutionConfigurationPlatforms) = preSolution
		Debug|Any CPU = Debug|Any CPU
		Release|Any CPU = Release|Any CPU
	EndGlobalSection
	GlobalSection(ProjectConfigurationPlatforms) = postSolution
		{44ED3787-0540-4AB7-A790-1837044F80E9}.Debug|Any CPU.ActiveCfg = Debug|Any CPU
		{44ED3787-0540-4AB7-A790-1837044F80E9}.Debug|Any CPU.Build.0 = Debug|Any CPU
		{44ED3787-0540-4AB7-A790-1837044F80E9}.Release|Any CPU.ActiveCfg = Release|Any CPU
		{44ED3787-0540-4AB7-A790-1837044F80E9}.Release|Any CPU.Build.0 = Release|Any CPU
		{6975792E-3A18-4043-8C7F-877A8AC448A5}.Debug|Any CPU.ActiveCfg = Debug|Any CPU
		{6975792E-3A18-4043-8C7F-877A8AC448A5}.Debug|Any CPU.Build.0 = Debug|Any CPU
		{6975792E-3A18-4043-8C7F-877A8AC448A5}.Release|Any CPU.ActiveCfg = Release|Any CPU
		{6975792E-3A18-4043-8C7F-877A8AC448A5}.Release|Any CPU.Build.0 = Release|Any CPU
		{E94E760A-F7EF-4E10-8FFB-80E679430203}.Debug|Any CPU.ActiveCfg = Debug|Any CPU
		{E94E760A-F7EF-4E10-8FFB-80E679430203}.Debug|Any CPU.Build.0 = Debug|Any CPU
		{E94E760A-F7EF-4E10-8FFB-80E679430203}.Release|Any CPU.ActiveCfg = Release|Any CPU
		{E94E760A-F7EF-4E10-8FFB-80E679430203}.Release|Any CPU.Build.0 = Release|Any CPU
		{4BEC5D50-CA75-4975-9601-B11D7D636D09}.Debug|Any CPU.ActiveCfg = Debug|Any CPU
		{4BEC5D50-CA75-4975-9601-B11D7D636D09}.Debug|Any CPU.Build.0 = Debug|Any CPU
		{4BEC5D50-CA75-4975-9601-B11D7D636D09}.Release|Any CPU.ActiveCfg = Release|Any CPU
		{4BEC5D50-CA75-4975-9601-B11D7D636D09}.Release|Any CPU.Build.0 = Release|Any CPU
	EndGlobalSection
	GlobalSection(SolutionProperties) = preSolution
		HideSolutionNode = FALSE
	EndGlobalSection
	GlobalSection(NestedProjects) = preSolution
		{44ED3787-0540-4AB7-A790-1837044F80E9} = {26885B89-C72A-42D0-B658-41F6B5B6717B}
		{6975792E-3A18-4043-8C7F-877A8AC448A5} = {26885B89-C72A-42D0-B658-41F6B5B6717B}
		{E94E760A-F7EF-4E10-8FFB-80E679430203} = {26885B89-C72A-42D0-B658-41F6B5B6717B}
		{4BEC5D50-CA75-4975-9601-B11D7D636D09} = {26885B89-C72A-42D0-B658-41F6B5B6717B}
	EndGlobalSection
	GlobalSection(ExtensibilityGlobals) = postSolution
		SolutionGuid = {C3356471-9477-41E6-9DD8-E982C7A6299E}
	EndGlobalSection
EndGlobal
